
Microsoft Visual Studio Solution File, Format Version 12.00
# Visual Studio 15
VisualStudioVersion = 15.0.28307.1022
MinimumVisualStudioVersion = 10.0.40219.1
Project("{FAE04EC0-301F-11D3-BF4B-00C04F79EFBC}") = "App02_Xamarin.Android", "App02_Xamarin\App02_Xamarin.Android\App02_Xamarin.Android.csproj", "{5D3DB46E-E52C-4F5F-A573-CAED6FA65702}"
EndProject
Project("{FAE04EC0-301F-11D3-BF4B-00C04F79EFBC}") = "App02_Xamarin.iOS", "App02_Xamarin\App02_Xamarin.iOS\App02_Xamarin.iOS.csproj", "{FB5E2601-D73B-4A4C-85D1-ED80D97D50F7}"
EndProject
Project("{FAE04EC0-301F-11D3-BF4B-00C04F79EFBC}") = "App02_Xamarin.UWP", "App02_Xamarin\App02_Xamarin.UWP\App02_Xamarin.UWP.csproj", "{1DF4F6AB-07A8-4F9C-8884-C33CFA26F68B}"
EndProject
Project("{FAE04EC0-301F-11D3-BF4B-00C04F79EFBC}") = "App02_Xamarin", "App02_Xamarin\App02_Xamarin\App02_Xamarin.csproj", "{EBB055C7-038A-49E0-B896-8A6770A91551}"
EndProject
Global
	GlobalSection(SolutionConfigurationPlatforms) = preSolution
		Ad-Hoc|Any CPU = Ad-Hoc|Any CPU
		Ad-Hoc|ARM = Ad-Hoc|ARM
		Ad-Hoc|iPhone = Ad-Hoc|iPhone
		Ad-Hoc|iPhoneSimulator = Ad-Hoc|iPhoneSimulator
		Ad-Hoc|x64 = Ad-Hoc|x64
		Ad-Hoc|x86 = Ad-Hoc|x86
		AppStore|Any CPU = AppStore|Any CPU
		AppStore|ARM = AppStore|ARM
		AppStore|iPhone = AppStore|iPhone
		AppStore|iPhoneSimulator = AppStore|iPhoneSimulator
		AppStore|x64 = AppStore|x64
		AppStore|x86 = AppStore|x86
		Debug|Any CPU = Debug|Any CPU
		Debug|ARM = Debug|ARM
		Debug|iPhone = Debug|iPhone
		Debug|iPhoneSimulator = Debug|iPhoneSimulator
		Debug|x64 = Debug|x64
		Debug|x86 = Debug|x86
		Release|Any CPU = Release|Any CPU
		Release|ARM = Release|ARM
		Release|iPhone = Release|iPhone
		Release|iPhoneSimulator = Release|iPhoneSimulator
		Release|x64 = Release|x64
		Release|x86 = Release|x86
	EndGlobalSection
	GlobalSection(ProjectConfigurationPlatforms) = postSolution
		{5D3DB46E-E52C-4F5F-A573-CAED6FA65702}.Ad-Hoc|Any CPU.ActiveCfg = Release|Any CPU
		{5D3DB46E-E52C-4F5F-A573-CAED6FA65702}.Ad-Hoc|Any CPU.Build.0 = Release|Any CPU
		{5D3DB46E-E52C-4F5F-A573-CAED6FA65702}.Ad-Hoc|Any CPU.Deploy.0 = Release|Any CPU
		{5D3DB46E-E52C-4F5F-A573-CAED6FA65702}.Ad-Hoc|ARM.ActiveCfg = Release|Any CPU
		{5D3DB46E-E52C-4F5F-A573-CAED6FA65702}.Ad-Hoc|ARM.Build.0 = Release|Any CPU
		{5D3DB46E-E52C-4F5F-A573-CAED6FA65702}.Ad-Hoc|ARM.Deploy.0 = Release|Any CPU
		{5D3DB46E-E52C-4F5F-A573-CAED6FA65702}.Ad-Hoc|iPhone.ActiveCfg = Release|Any CPU
		{5D3DB46E-E52C-4F5F-A573-CAED6FA65702}.Ad-Hoc|iPhone.Build.0 = Release|Any CPU
		{5D3DB46E-E52C-4F5F-A573-CAED6FA65702}.Ad-Hoc|iPhone.Deploy.0 = Release|Any CPU
		{5D3DB46E-E52C-4F5F-A573-CAED6FA65702}.Ad-Hoc|iPhoneSimulator.ActiveCfg = Release|Any CPU
		{5D3DB46E-E52C-4F5F-A573-CAED6FA65702}.Ad-Hoc|iPhoneSimulator.Build.0 = Release|Any CPU
		{5D3DB46E-E52C-4F5F-A573-CAED6FA65702}.Ad-Hoc|iPhoneSimulator.Deploy.0 = Release|Any CPU
		{5D3DB46E-E52C-4F5F-A573-CAED6FA65702}.Ad-Hoc|x64.ActiveCfg = Release|Any CPU
		{5D3DB46E-E52C-4F5F-A573-CAED6FA65702}.Ad-Hoc|x64.Build.0 = Release|Any CPU
		{5D3DB46E-E52C-4F5F-A573-CAED6FA65702}.Ad-Hoc|x64.Deploy.0 = Release|Any CPU
		{5D3DB46E-E52C-4F5F-A573-CAED6FA65702}.Ad-Hoc|x86.ActiveCfg = Release|Any CPU
		{5D3DB46E-E52C-4F5F-A573-CAED6FA65702}.Ad-Hoc|x86.Build.0 = Release|Any CPU
		{5D3DB46E-E52C-4F5F-A573-CAED6FA65702}.Ad-Hoc|x86.Deploy.0 = Release|Any CPU
		{5D3DB46E-E52C-4F5F-A573-CAED6FA65702}.AppStore|Any CPU.ActiveCfg = Release|Any CPU
		{5D3DB46E-E52C-4F5F-A573-CAED6FA65702}.AppStore|Any CPU.Build.0 = Release|Any CPU
		{5D3DB46E-E52C-4F5F-A573-CAED6FA65702}.AppStore|Any CPU.Deploy.0 = Release|Any CPU
		{5D3DB46E-E52C-4F5F-A573-CAED6FA65702}.AppStore|ARM.ActiveCfg = Release|Any CPU
		{5D3DB46E-E52C-4F5F-A573-CAED6FA65702}.AppStore|ARM.Build.0 = Release|Any CPU
		{5D3DB46E-E52C-4F5F-A573-CAED6FA65702}.AppStore|ARM.Deploy.0 = Release|Any CPU
		{5D3DB46E-E52C-4F5F-A573-CAED6FA65702}.AppStore|iPhone.ActiveCfg = Release|Any CPU
		{5D3DB46E-E52C-4F5F-A573-CAED6FA65702}.AppStore|iPhone.Build.0 = Release|Any CPU
		{5D3DB46E-E52C-4F5F-A573-CAED6FA65702}.AppStore|iPhone.Deploy.0 = Release|Any CPU
		{5D3DB46E-E52C-4F5F-A573-CAED6FA65702}.AppStore|iPhoneSimulator.ActiveCfg = Release|Any CPU
		{5D3DB46E-E52C-4F5F-A573-CAED6FA65702}.AppStore|iPhoneSimulator.Build.0 = Release|Any CPU
		{5D3DB46E-E52C-4F5F-A573-CAED6FA65702}.AppStore|iPhoneSimulator.Deploy.0 = Release|Any CPU
		{5D3DB46E-E52C-4F5F-A573-CAED6FA65702}.AppStore|x64.ActiveCfg = Release|Any CPU
		{5D3DB46E-E52C-4F5F-A573-CAED6FA65702}.AppStore|x64.Build.0 = Release|Any CPU
		{5D3DB46E-E52C-4F5F-A573-CAED6FA65702}.AppStore|x64.Deploy.0 = Release|Any CPU
		{5D3DB46E-E52C-4F5F-A573-CAED6FA65702}.AppStore|x86.ActiveCfg = Release|Any CPU
		{5D3DB46E-E52C-4F5F-A573-CAED6FA65702}.AppStore|x86.Build.0 = Release|Any CPU
		{5D3DB46E-E52C-4F5F-A573-CAED6FA65702}.AppStore|x86.Deploy.0 = Release|Any CPU
		{5D3DB46E-E52C-4F5F-A573-CAED6FA65702}.Debug|Any CPU.ActiveCfg = Debug|Any CPU
		{5D3DB46E-E52C-4F5F-A573-CAED6FA65702}.Debug|Any CPU.Build.0 = Debug|Any CPU
		{5D3DB46E-E52C-4F5F-A573-CAED6FA65702}.Debug|Any CPU.Deploy.0 = Debug|Any CPU
		{5D3DB46E-E52C-4F5F-A573-CAED6FA65702}.Debug|ARM.ActiveCfg = Debug|Any CPU
		{5D3DB46E-E52C-4F5F-A573-CAED6FA65702}.Debug|ARM.Build.0 = Debug|Any CPU
		{5D3DB46E-E52C-4F5F-A573-CAED6FA65702}.Debug|ARM.Deploy.0 = Debug|Any CPU
		{5D3DB46E-E52C-4F5F-A573-CAED6FA65702}.Debug|iPhone.ActiveCfg = Debug|Any CPU
		{5D3DB46E-E52C-4F5F-A573-CAED6FA65702}.Debug|iPhone.Build.0 = Debug|Any CPU
		{5D3DB46E-E52C-4F5F-A573-CAED6FA65702}.Debug|iPhone.Deploy.0 = Debug|Any CPU
		{5D3DB46E-E52C-4F5F-A573-CAED6FA65702}.Debug|iPhoneSimulator.ActiveCfg = Debug|Any CPU
		{5D3DB46E-E52C-4F5F-A573-CAED6FA65702}.Debug|iPhoneSimulator.Build.0 = Debug|Any CPU
		{5D3DB46E-E52C-4F5F-A573-CAED6FA65702}.Debug|iPhoneSimulator.Deploy.0 = Debug|Any CPU
		{5D3DB46E-E52C-4F5F-A573-CAED6FA65702}.Debug|x64.ActiveCfg = Debug|Any CPU
		{5D3DB46E-E52C-4F5F-A573-CAED6FA65702}.Debug|x64.Build.0 = Debug|Any CPU
		{5D3DB46E-E52C-4F5F-A573-CAED6FA65702}.Debug|x64.Deploy.0 = Debug|Any CPU
		{5D3DB46E-E52C-4F5F-A573-CAED6FA65702}.Debug|x86.ActiveCfg = Debug|Any CPU
		{5D3DB46E-E52C-4F5F-A573-CAED6FA65702}.Debug|x86.Build.0 = Debug|Any CPU
		{5D3DB46E-E52C-4F5F-A573-CAED6FA65702}.Debug|x86.Deploy.0 = Debug|Any CPU
		{5D3DB46E-E52C-4F5F-A573-CAED6FA65702}.Release|Any CPU.ActiveCfg = Release|Any CPU
		{5D3DB46E-E52C-4F5F-A573-CAED6FA65702}.Release|Any CPU.Build.0 = Release|Any CPU
		{5D3DB46E-E52C-4F5F-A573-CAED6FA65702}.Release|Any CPU.Deploy.0 = Release|Any CPU
		{5D3DB46E-E52C-4F5F-A573-CAED6FA65702}.Release|ARM.ActiveCfg = Release|Any CPU
		{5D3DB46E-E52C-4F5F-A573-CAED6FA65702}.Release|ARM.Build.0 = Release|Any CPU
		{5D3DB46E-E52C-4F5F-A573-CAED6FA65702}.Release|ARM.Deploy.0 = Release|Any CPU
		{5D3DB46E-E52C-4F5F-A573-CAED6FA65702}.Release|iPhone.ActiveCfg = Release|Any CPU
		{5D3DB46E-E52C-4F5F-A573-CAED6FA65702}.Release|iPhone.Build.0 = Release|Any CPU
		{5D3DB46E-E52C-4F5F-A573-CAED6FA65702}.Release|iPhone.Deploy.0 = Release|Any CPU
		{5D3DB46E-E52C-4F5F-A573-CAED6FA65702}.Release|iPhoneSimulator.ActiveCfg = Release|Any CPU
		{5D3DB46E-E52C-4F5F-A573-CAED6FA65702}.Release|iPhoneSimulator.Build.0 = Release|Any CPU
		{5D3DB46E-E52C-4F5F-A573-CAED6FA65702}.Release|iPhoneSimulator.Deploy.0 = Release|Any CPU
		{5D3DB46E-E52C-4F5F-A573-CAED6FA65702}.Release|x64.ActiveCfg = Release|Any CPU
		{5D3DB46E-E52C-4F5F-A573-CAED6FA65702}.Release|x64.Build.0 = Release|Any CPU
		{5D3DB46E-E52C-4F5F-A573-CAED6FA65702}.Release|x64.Deploy.0 = Release|Any CPU
		{5D3DB46E-E52C-4F5F-A573-CAED6FA65702}.Release|x86.ActiveCfg = Release|Any CPU
		{5D3DB46E-E52C-4F5F-A573-CAED6FA65702}.Release|x86.Build.0 = Release|Any CPU
		{5D3DB46E-E52C-4F5F-A573-CAED6FA65702}.Release|x86.Deploy.0 = Release|Any CPU
		{FB5E2601-D73B-4A4C-85D1-ED80D97D50F7}.Ad-Hoc|Any CPU.ActiveCfg = Ad-Hoc|iPhone
		{FB5E2601-D73B-4A4C-85D1-ED80D97D50F7}.Ad-Hoc|Any CPU.Build.0 = Ad-Hoc|iPhone
		{FB5E2601-D73B-4A4C-85D1-ED80D97D50F7}.Ad-Hoc|Any CPU.Deploy.0 = Ad-Hoc|iPhone
		{FB5E2601-D73B-4A4C-85D1-ED80D97D50F7}.Ad-Hoc|ARM.ActiveCfg = Ad-Hoc|iPhone
		{FB5E2601-D73B-4A4C-85D1-ED80D97D50F7}.Ad-Hoc|ARM.Build.0 = Ad-Hoc|iPhone
		{FB5E2601-D73B-4A4C-85D1-ED80D97D50F7}.Ad-Hoc|ARM.Deploy.0 = Ad-Hoc|iPhone
		{FB5E2601-D73B-4A4C-85D1-ED80D97D50F7}.Ad-Hoc|iPhone.ActiveCfg = Ad-Hoc|iPhone
		{FB5E2601-D73B-4A4C-85D1-ED80D97D50F7}.Ad-Hoc|iPhone.Build.0 = Ad-Hoc|iPhone
		{FB5E2601-D73B-4A4C-85D1-ED80D97D50F7}.Ad-Hoc|iPhone.Deploy.0 = Ad-Hoc|iPhone
		{FB5E2601-D73B-4A4C-85D1-ED80D97D50F7}.Ad-Hoc|iPhoneSimulator.ActiveCfg = Ad-Hoc|iPhoneSimulator
		{FB5E2601-D73B-4A4C-85D1-ED80D97D50F7}.Ad-Hoc|iPhoneSimulator.Build.0 = Ad-Hoc|iPhoneSimulator
		{FB5E2601-D73B-4A4C-85D1-ED80D97D50F7}.Ad-Hoc|iPhoneSimulator.Deploy.0 = Ad-Hoc|iPhoneSimulator
		{FB5E2601-D73B-4A4C-85D1-ED80D97D50F7}.Ad-Hoc|x64.ActiveCfg = Ad-Hoc|iPhone
		{FB5E2601-D73B-4A4C-85D1-ED80D97D50F7}.Ad-Hoc|x64.Build.0 = Ad-Hoc|iPhone
		{FB5E2601-D73B-4A4C-85D1-ED80D97D50F7}.Ad-Hoc|x64.Deploy.0 = Ad-Hoc|iPhone
		{FB5E2601-D73B-4A4C-85D1-ED80D97D50F7}.Ad-Hoc|x86.ActiveCfg = Ad-Hoc|iPhone
		{FB5E2601-D73B-4A4C-85D1-ED80D97D50F7}.Ad-Hoc|x86.Build.0 = Ad-Hoc|iPhone
		{FB5E2601-D73B-4A4C-85D1-ED80D97D50F7}.Ad-Hoc|x86.Deploy.0 = Ad-Hoc|iPhone
		{FB5E2601-D73B-4A4C-85D1-ED80D97D50F7}.AppStore|Any CPU.ActiveCfg = AppStore|iPhone
		{FB5E2601-D73B-4A4C-85D1-ED80D97D50F7}.AppStore|Any CPU.Build.0 = AppStore|iPhone
		{FB5E2601-D73B-4A4C-85D1-ED80D97D50F7}.AppStore|Any CPU.Deploy.0 = AppStore|iPhone
		{FB5E2601-D73B-4A4C-85D1-ED80D97D50F7}.AppStore|ARM.ActiveCfg = AppStore|iPhone
		{FB5E2601-D73B-4A4C-85D1-ED80D97D50F7}.AppStore|ARM.Build.0 = AppStore|iPhone
		{FB5E2601-D73B-4A4C-85D1-ED80D97D50F7}.AppStore|ARM.Deploy.0 = AppStore|iPhone
		{FB5E2601-D73B-4A4C-85D1-ED80D97D50F7}.AppStore|iPhone.ActiveCfg = AppStore|iPhone
		{FB5E2601-D73B-4A4C-85D1-ED80D97D50F7}.AppStore|iPhone.Build.0 = AppStore|iPhone
		{FB5E2601-D73B-4A4C-85D1-ED80D97D50F7}.AppStore|iPhone.Deploy.0 = AppStore|iPhone
		{FB5E2601-D73B-4A4C-85D1-ED80D97D50F7}.AppStore|iPhoneSimulator.ActiveCfg = AppStore|iPhoneSimulator
		{FB5E2601-D73B-4A4C-85D1-ED80D97D50F7}.AppStore|iPhoneSimulator.Build.0 = AppStore|iPhoneSimulator
		{FB5E2601-D73B-4A4C-85D1-ED80D97D50F7}.AppStore|iPhoneSimulator.Deploy.0 = AppStore|iPhoneSimulator
		{FB5E2601-D73B-4A4C-85D1-ED80D97D50F7}.AppStore|x64.ActiveCfg = AppStore|iPhone
		{FB5E2601-D73B-4A4C-85D1-ED80D97D50F7}.AppStore|x64.Build.0 = AppStore|iPhone
		{FB5E2601-D73B-4A4C-85D1-ED80D97D50F7}.AppStore|x64.Deploy.0 = AppStore|iPhone
		{FB5E2601-D73B-4A4C-85D1-ED80D97D50F7}.AppStore|x86.ActiveCfg = AppStore|iPhone
		{FB5E2601-D73B-4A4C-85D1-ED80D97D50F7}.AppStore|x86.Build.0 = AppStore|iPhone
		{FB5E2601-D73B-4A4C-85D1-ED80D97D50F7}.AppStore|x86.Deploy.0 = AppStore|iPhone
		{FB5E2601-D73B-4A4C-85D1-ED80D97D50F7}.Debug|Any CPU.ActiveCfg = Debug|iPhoneSimulator
		{FB5E2601-D73B-4A4C-85D1-ED80D97D50F7}.Debug|Any CPU.Build.0 = Debug|iPhoneSimulator
		{FB5E2601-D73B-4A4C-85D1-ED80D97D50F7}.Debug|Any CPU.Deploy.0 = Debug|iPhoneSimulator
		{FB5E2601-D73B-4A4C-85D1-ED80D97D50F7}.Debug|ARM.ActiveCfg = Debug|iPhone
		{FB5E2601-D73B-4A4C-85D1-ED80D97D50F7}.Debug|ARM.Build.0 = Debug|iPhone
		{FB5E2601-D73B-4A4C-85D1-ED80D97D50F7}.Debug|ARM.Deploy.0 = Debug|iPhone
		{FB5E2601-D73B-4A4C-85D1-ED80D97D50F7}.Debug|iPhone.ActiveCfg = Debug|iPhone
		{FB5E2601-D73B-4A4C-85D1-ED80D97D50F7}.Debug|iPhone.Build.0 = Debug|iPhone
		{FB5E2601-D73B-4A4C-85D1-ED80D97D50F7}.Debug|iPhone.Deploy.0 = Debug|iPhone
		{FB5E2601-D73B-4A4C-85D1-ED80D97D50F7}.Debug|iPhoneSimulator.ActiveCfg = Debug|iPhoneSimulator
		{FB5E2601-D73B-4A4C-85D1-ED80D97D50F7}.Debug|iPhoneSimulator.Build.0 = Debug|iPhoneSimulator
		{FB5E2601-D73B-4A4C-85D1-ED80D97D50F7}.Debug|iPhoneSimulator.Deploy.0 = Debug|iPhoneSimulator
		{FB5E2601-D73B-4A4C-85D1-ED80D97D50F7}.Debug|x64.ActiveCfg = Debug|iPhone
		{FB5E2601-D73B-4A4C-85D1-ED80D97D50F7}.Debug|x64.Build.0 = Debug|iPhone
		{FB5E2601-D73B-4A4C-85D1-ED80D97D50F7}.Debug|x64.Deploy.0 = Debug|iPhone
		{FB5E2601-D73B-4A4C-85D1-ED80D97D50F7}.Debug|x86.ActiveCfg = Debug|iPhone
		{FB5E2601-D73B-4A4C-85D1-ED80D97D50F7}.Debug|x86.Build.0 = Debug|iPhone
		{FB5E2601-D73B-4A4C-85D1-ED80D97D50F7}.Debug|x86.Deploy.0 = Debug|iPhone
		{FB5E2601-D73B-4A4C-85D1-ED80D97D50F7}.Release|Any CPU.ActiveCfg = Release|iPhone
		{FB5E2601-D73B-4A4C-85D1-ED80D97D50F7}.Release|Any CPU.Build.0 = Release|iPhone
		{FB5E2601-D73B-4A4C-85D1-ED80D97D50F7}.Release|Any CPU.Deploy.0 = Release|iPhone
		{FB5E2601-D73B-4A4C-85D1-ED80D97D50F7}.Release|ARM.ActiveCfg = Release|iPhone
		{FB5E2601-D73B-4A4C-85D1-ED80D97D50F7}.Release|ARM.Build.0 = Release|iPhone
		{FB5E2601-D73B-4A4C-85D1-ED80D97D50F7}.Release|ARM.Deploy.0 = Release|iPhone
		{FB5E2601-D73B-4A4C-85D1-ED80D97D50F7}.Release|iPhone.ActiveCfg = Release|iPhone
		{FB5E2601-D73B-4A4C-85D1-ED80D97D50F7}.Release|iPhone.Build.0 = Release|iPhone
		{FB5E2601-D73B-4A4C-85D1-ED80D97D50F7}.Release|iPhone.Deploy.0 = Release|iPhone
		{FB5E2601-D73B-4A4C-85D1-ED80D97D50F7}.Release|iPhoneSimulator.ActiveCfg = Release|iPhoneSimulator
		{FB5E2601-D73B-4A4C-85D1-ED80D97D50F7}.Release|iPhoneSimulator.Build.0 = Release|iPhoneSimulator
		{FB5E2601-D73B-4A4C-85D1-ED80D97D50F7}.Release|iPhoneSimulator.Deploy.0 = Release|iPhoneSimulator
		{FB5E2601-D73B-4A4C-85D1-ED80D97D50F7}.Release|x64.ActiveCfg = Release|iPhone
		{FB5E2601-D73B-4A4C-85D1-ED80D97D50F7}.Release|x64.Build.0 = Release|iPhone
		{FB5E2601-D73B-4A4C-85D1-ED80D97D50F7}.Release|x64.Deploy.0 = Release|iPhone
		{FB5E2601-D73B-4A4C-85D1-ED80D97D50F7}.Release|x86.ActiveCfg = Release|iPhone
		{FB5E2601-D73B-4A4C-85D1-ED80D97D50F7}.Release|x86.Build.0 = Release|iPhone
		{FB5E2601-D73B-4A4C-85D1-ED80D97D50F7}.Release|x86.Deploy.0 = Release|iPhone
		{1DF4F6AB-07A8-4F9C-8884-C33CFA26F68B}.Ad-Hoc|Any CPU.ActiveCfg = Release|x86
		{1DF4F6AB-07A8-4F9C-8884-C33CFA26F68B}.Ad-Hoc|Any CPU.Build.0 = Release|x86
		{1DF4F6AB-07A8-4F9C-8884-C33CFA26F68B}.Ad-Hoc|Any CPU.Deploy.0 = Release|x86
		{1DF4F6AB-07A8-4F9C-8884-C33CFA26F68B}.Ad-Hoc|ARM.ActiveCfg = Release|ARM
		{1DF4F6AB-07A8-4F9C-8884-C33CFA26F68B}.Ad-Hoc|ARM.Build.0 = Release|ARM
		{1DF4F6AB-07A8-4F9C-8884-C33CFA26F68B}.Ad-Hoc|ARM.Deploy.0 = Release|ARM
		{1DF4F6AB-07A8-4F9C-8884-C33CFA26F68B}.Ad-Hoc|iPhone.ActiveCfg = Release|x86
		{1DF4F6AB-07A8-4F9C-8884-C33CFA26F68B}.Ad-Hoc|iPhone.Build.0 = Release|x86
		{1DF4F6AB-07A8-4F9C-8884-C33CFA26F68B}.Ad-Hoc|iPhone.Deploy.0 = Release|x86
		{1DF4F6AB-07A8-4F9C-8884-C33CFA26F68B}.Ad-Hoc|iPhoneSimulator.ActiveCfg = Release|x86
		{1DF4F6AB-07A8-4F9C-8884-C33CFA26F68B}.Ad-Hoc|iPhoneSimulator.Build.0 = Release|x86
		{1DF4F6AB-07A8-4F9C-8884-C33CFA26F68B}.Ad-Hoc|iPhoneSimulator.Deploy.0 = Release|x86
		{1DF4F6AB-07A8-4F9C-8884-C33CFA26F68B}.Ad-Hoc|x64.ActiveCfg = Release|x64
		{1DF4F6AB-07A8-4F9C-8884-C33CFA26F68B}.Ad-Hoc|x64.Build.0 = Release|x64
		{1DF4F6AB-07A8-4F9C-8884-C33CFA26F68B}.Ad-Hoc|x64.Deploy.0 = Release|x64
		{1DF4F6AB-07A8-4F9C-8884-C33CFA26F68B}.Ad-Hoc|x86.ActiveCfg = Release|x86
		{1DF4F6AB-07A8-4F9C-8884-C33CFA26F68B}.Ad-Hoc|x86.Build.0 = Release|x86
		{1DF4F6AB-07A8-4F9C-8884-C33CFA26F68B}.Ad-Hoc|x86.Deploy.0 = Release|x86
		{1DF4F6AB-07A8-4F9C-8884-C33CFA26F68B}.AppStore|Any CPU.ActiveCfg = Release|x86
		{1DF4F6AB-07A8-4F9C-8884-C33CFA26F68B}.AppStore|Any CPU.Build.0 = Release|x86
		{1DF4F6AB-07A8-4F9C-8884-C33CFA26F68B}.AppStore|Any CPU.Deploy.0 = Release|x86
		{1DF4F6AB-07A8-4F9C-8884-C33CFA26F68B}.AppStore|ARM.ActiveCfg = Release|ARM
		{1DF4F6AB-07A8-4F9C-8884-C33CFA26F68B}.AppStore|ARM.Build.0 = Release|ARM
		{1DF4F6AB-07A8-4F9C-8884-C33CFA26F68B}.AppStore|ARM.Deploy.0 = Release|ARM
		{1DF4F6AB-07A8-4F9C-8884-C33CFA26F68B}.AppStore|iPhone.ActiveCfg = Release|x86
		{1DF4F6AB-07A8-4F9C-8884-C33CFA26F68B}.AppStore|iPhone.Build.0 = Release|x86
		{1DF4F6AB-07A8-4F9C-8884-C33CFA26F68B}.AppStore|iPhone.Deploy.0 = Release|x86
		{1DF4F6AB-07A8-4F9C-8884-C33CFA26F68B}.AppStore|iPhoneSimulator.ActiveCfg = Release|x86
		{1DF4F6AB-07A8-4F9C-8884-C33CFA26F68B}.AppStore|iPhoneSimulator.Build.0 = Release|x86
		{1DF4F6AB-07A8-4F9C-8884-C33CFA26F68B}.AppStore|iPhoneSimulator.Deploy.0 = Release|x86
		{1DF4F6AB-07A8-4F9C-8884-C33CFA26F68B}.AppStore|x64.ActiveCfg = Release|x64
		{1DF4F6AB-07A8-4F9C-8884-C33CFA26F68B}.AppStore|x64.Build.0 = Release|x64
		{1DF4F6AB-07A8-4F9C-8884-C33CFA26F68B}.AppStore|x64.Deploy.0 = Release|x64
		{1DF4F6AB-07A8-4F9C-8884-C33CFA26F68B}.AppStore|x86.ActiveCfg = Release|x86
		{1DF4F6AB-07A8-4F9C-8884-C33CFA26F68B}.AppStore|x86.Build.0 = Release|x86
		{1DF4F6AB-07A8-4F9C-8884-C33CFA26F68B}.AppStore|x86.Deploy.0 = Release|x86
		{1DF4F6AB-07A8-4F9C-8884-C33CFA26F68B}.Debug|Any CPU.ActiveCfg = Debug|x86
		{1DF4F6AB-07A8-4F9C-8884-C33CFA26F68B}.Debug|Any CPU.Build.0 = Debug|x86
		{1DF4F6AB-07A8-4F9C-8884-C33CFA26F68B}.Debug|Any CPU.Deploy.0 = Debug|x86
		{1DF4F6AB-07A8-4F9C-8884-C33CFA26F68B}.Debug|ARM.ActiveCfg = Debug|ARM
		{1DF4F6AB-07A8-4F9C-8884-C33CFA26F68B}.Debug|ARM.Build.0 = Debug|ARM
		{1DF4F6AB-07A8-4F9C-8884-C33CFA26F68B}.Debug|ARM.Deploy.0 = Debug|ARM
		{1DF4F6AB-07A8-4F9C-8884-C33CFA26F68B}.Debug|iPhone.ActiveCfg = Debug|x86
		{1DF4F6AB-07A8-4F9C-8884-C33CFA26F68B}.Debug|iPhone.Build.0 = Debug|x86
		{1DF4F6AB-07A8-4F9C-8884-C33CFA26F68B}.Debug|iPhone.Deploy.0 = Debug|x86
		{1DF4F6AB-07A8-4F9C-8884-C33CFA26F68B}.Debug|iPhoneSimulator.ActiveCfg = Debug|x86
		{1DF4F6AB-07A8-4F9C-8884-C33CFA26F68B}.Debug|iPhoneSimulator.Build.0 = Debug|x86
		{1DF4F6AB-07A8-4F9C-8884-C33CFA26F68B}.Debug|iPhoneSimulator.Deploy.0 = Debug|x86
		{1DF4F6AB-07A8-4F9C-8884-C33CFA26F68B}.Debug|x64.ActiveCfg = Debug|x64
		{1DF4F6AB-07A8-4F9C-8884-C33CFA26F68B}.Debug|x64.Build.0 = Debug|x64
		{1DF4F6AB-07A8-4F9C-8884-C33CFA26F68B}.Debug|x64.Deploy.0 = Debug|x64
		{1DF4F6AB-07A8-4F9C-8884-C33CFA26F68B}.Debug|x86.ActiveCfg = Debug|x86
		{1DF4F6AB-07A8-4F9C-8884-C33CFA26F68B}.Debug|x86.Build.0 = Debug|x86
		{1DF4F6AB-07A8-4F9C-8884-C33CFA26F68B}.Debug|x86.Deploy.0 = Debug|x86
		{1DF4F6AB-07A8-4F9C-8884-C33CFA26F68B}.Release|Any CPU.ActiveCfg = Release|x86
		{1DF4F6AB-07A8-4F9C-8884-C33CFA26F68B}.Release|Any CPU.Build.0 = Release|x86
		{1DF4F6AB-07A8-4F9C-8884-C33CFA26F68B}.Release|Any CPU.Deploy.0 = Release|x86
		{1DF4F6AB-07A8-4F9C-8884-C33CFA26F68B}.Release|ARM.ActiveCfg = Release|ARM
		{1DF4F6AB-07A8-4F9C-8884-C33CFA26F68B}.Release|ARM.Build.0 = Release|ARM
		{1DF4F6AB-07A8-4F9C-8884-C33CFA26F68B}.Release|ARM.Deploy.0 = Release|ARM
		{1DF4F6AB-07A8-4F9C-8884-C33CFA26F68B}.Release|iPhone.ActiveCfg = Release|x86
		{1DF4F6AB-07A8-4F9C-8884-C33CFA26F68B}.Release|iPhone.Build.0 = Release|x86
		{1DF4F6AB-07A8-4F9C-8884-C33CFA26F68B}.Release|iPhone.Deploy.0 = Release|x86
		{1DF4F6AB-07A8-4F9C-8884-C33CFA26F68B}.Release|iPhoneSimulator.ActiveCfg = Release|x86
		{1DF4F6AB-07A8-4F9C-8884-C33CFA26F68B}.Release|iPhoneSimulator.Build.0 = Release|x86
		{1DF4F6AB-07A8-4F9C-8884-C33CFA26F68B}.Release|iPhoneSimulator.Deploy.0 = Release|x86
		{1DF4F6AB-07A8-4F9C-8884-C33CFA26F68B}.Release|x64.ActiveCfg = Release|x64
		{1DF4F6AB-07A8-4F9C-8884-C33CFA26F68B}.Release|x64.Build.0 = Release|x64
		{1DF4F6AB-07A8-4F9C-8884-C33CFA26F68B}.Release|x64.Deploy.0 = Release|x64
		{1DF4F6AB-07A8-4F9C-8884-C33CFA26F68B}.Release|x86.ActiveCfg = Release|x86
		{1DF4F6AB-07A8-4F9C-8884-C33CFA26F68B}.Release|x86.Build.0 = Release|x86
		{1DF4F6AB-07A8-4F9C-8884-C33CFA26F68B}.Release|x86.Deploy.0 = Release|x86
		{EBB055C7-038A-49E0-B896-8A6770A91551}.Ad-Hoc|Any CPU.ActiveCfg = Debug|Any CPU
		{EBB055C7-038A-49E0-B896-8A6770A91551}.Ad-Hoc|Any CPU.Build.0 = Debug|Any CPU
		{EBB055C7-038A-49E0-B896-8A6770A91551}.Ad-Hoc|Any CPU.Deploy.0 = Debug|Any CPU
		{EBB055C7-038A-49E0-B896-8A6770A91551}.Ad-Hoc|ARM.ActiveCfg = Debug|Any CPU
		{EBB055C7-038A-49E0-B896-8A6770A91551}.Ad-Hoc|ARM.Build.0 = Debug|Any CPU
		{EBB055C7-038A-49E0-B896-8A6770A91551}.Ad-Hoc|ARM.Deploy.0 = Debug|Any CPU
		{EBB055C7-038A-49E0-B896-8A6770A91551}.Ad-Hoc|iPhone.ActiveCfg = Debug|Any CPU
		{EBB055C7-038A-49E0-B896-8A6770A91551}.Ad-Hoc|iPhone.Build.0 = Debug|Any CPU
		{EBB055C7-038A-49E0-B896-8A6770A91551}.Ad-Hoc|iPhone.Deploy.0 = Debug|Any CPU
		{EBB055C7-038A-49E0-B896-8A6770A91551}.Ad-Hoc|iPhoneSimulator.ActiveCfg = Debug|Any CPU
		{EBB055C7-038A-49E0-B896-8A6770A91551}.Ad-Hoc|iPhoneSimulator.Build.0 = Debug|Any CPU
		{EBB055C7-038A-49E0-B896-8A6770A91551}.Ad-Hoc|iPhoneSimulator.Deploy.0 = Debug|Any CPU
		{EBB055C7-038A-49E0-B896-8A6770A91551}.Ad-Hoc|x64.ActiveCfg = Debug|Any CPU
		{EBB055C7-038A-49E0-B896-8A6770A91551}.Ad-Hoc|x64.Build.0 = Debug|Any CPU
		{EBB055C7-038A-49E0-B896-8A6770A91551}.Ad-Hoc|x64.Deploy.0 = Debug|Any CPU
		{EBB055C7-038A-49E0-B896-8A6770A91551}.Ad-Hoc|x86.ActiveCfg = Debug|Any CPU
		{EBB055C7-038A-49E0-B896-8A6770A91551}.Ad-Hoc|x86.Build.0 = Debug|Any CPU
		{EBB055C7-038A-49E0-B896-8A6770A91551}.Ad-Hoc|x86.Deploy.0 = Debug|Any CPU
		{EBB055C7-038A-49E0-B896-8A6770A91551}.AppStore|Any CPU.ActiveCfg = Debug|Any CPU
		{EBB055C7-038A-49E0-B896-8A6770A91551}.AppStore|Any CPU.Build.0 = Debug|Any CPU
		{EBB055C7-038A-49E0-B896-8A6770A91551}.AppStore|Any CPU.Deploy.0 = Debug|Any CPU
		{EBB055C7-038A-49E0-B896-8A6770A91551}.AppStore|ARM.ActiveCfg = Debug|Any CPU
		{EBB055C7-038A-49E0-B896-8A6770A91551}.AppStore|ARM.Build.0 = Debug|Any CPU
		{EBB055C7-038A-49E0-B896-8A6770A91551}.AppStore|ARM.Deploy.0 = Debug|Any CPU
		{EBB055C7-038A-49E0-B896-8A6770A91551}.AppStore|iPhone.ActiveCfg = Debug|Any CPU
		{EBB055C7-038A-49E0-B896-8A6770A91551}.AppStore|iPhone.Build.0 = Debug|Any CPU
		{EBB055C7-038A-49E0-B896-8A6770A91551}.AppStore|iPhone.Deploy.0 = Debug|Any CPU
		{EBB055C7-038A-49E0-B896-8A6770A91551}.AppStore|iPhoneSimulator.ActiveCfg = Debug|Any CPU
		{EBB055C7-038A-49E0-B896-8A6770A91551}.AppStore|iPhoneSimulator.Build.0 = Debug|Any CPU
		{EBB055C7-038A-49E0-B896-8A6770A91551}.AppStore|iPhoneSimulator.Deploy.0 = Debug|Any CPU
		{EBB055C7-038A-49E0-B896-8A6770A91551}.AppStore|x64.ActiveCfg = Debug|Any CPU
		{EBB055C7-038A-49E0-B896-8A6770A91551}.AppStore|x64.Build.0 = Debug|Any CPU
		{EBB055C7-038A-49E0-B896-8A6770A91551}.AppStore|x64.Deploy.0 = Debug|Any CPU
		{EBB055C7-038A-49E0-B896-8A6770A91551}.AppStore|x86.ActiveCfg = Debug|Any CPU
		{EBB055C7-038A-49E0-B896-8A6770A91551}.AppStore|x86.Build.0 = Debug|Any CPU
		{EBB055C7-038A-49E0-B896-8A6770A91551}.AppStore|x86.Deploy.0 = Debug|Any CPU
		{EBB055C7-038A-49E0-B896-8A6770A91551}.Debug|Any CPU.ActiveCfg = Debug|Any CPU
		{EBB055C7-038A-49E0-B896-8A6770A91551}.Debug|Any CPU.Build.0 = Debug|Any CPU
		{EBB055C7-038A-49E0-B896-8A6770A91551}.Debug|Any CPU.Deploy.0 = Debug|Any CPU
		{EBB055C7-038A-49E0-B896-8A6770A91551}.Debug|ARM.ActiveCfg = Debug|Any CPU
		{EBB055C7-038A-49E0-B896-8A6770A91551}.Debug|ARM.Build.0 = Debug|Any CPU
		{EBB055C7-038A-49E0-B896-8A6770A91551}.Debug|ARM.Deploy.0 = Debug|Any CPU
		{EBB055C7-038A-49E0-B896-8A6770A91551}.Debug|iPhone.ActiveCfg = Debug|Any CPU
		{EBB055C7-038A-49E0-B896-8A6770A91551}.Debug|iPhone.Build.0 = Debug|Any CPU
		{EBB055C7-038A-49E0-B896-8A6770A91551}.Debug|iPhone.Deploy.0 = Debug|Any CPU
		{EBB055C7-038A-49E0-B896-8A6770A91551}.Debug|iPhoneSimulator.ActiveCfg = Debug|Any CPU
		{EBB055C7-038A-49E0-B896-8A6770A91551}.Debug|iPhoneSimulator.Build.0 = Debug|Any CPU
		{EBB055C7-038A-49E0-B896-8A6770A91551}.Debug|iPhoneSimulator.Deploy.0 = Debug|Any CPU
		{EBB055C7-038A-49E0-B896-8A6770A91551}.Debug|x64.ActiveCfg = Debug|Any CPU
		{EBB055C7-038A-49E0-B896-8A6770A91551}.Debug|x64.Build.0 = Debug|Any CPU
		{EBB055C7-038A-49E0-B896-8A6770A91551}.Debug|x64.Deploy.0 = Debug|Any CPU
		{EBB055C7-038A-49E0-B896-8A6770A91551}.Debug|x86.ActiveCfg = Debug|Any CPU
		{EBB055C7-038A-49E0-B896-8A6770A91551}.Debug|x86.Build.0 = Debug|Any CPU
		{EBB055C7-038A-49E0-B896-8A6770A91551}.Debug|x86.Deploy.0 = Debug|Any CPU
		{EBB055C7-038A-49E0-B896-8A6770A91551}.Release|Any CPU.ActiveCfg = Release|Any CPU
		{EBB055C7-038A-49E0-B896-8A6770A91551}.Release|Any CPU.Build.0 = Release|Any CPU
		{EBB055C7-038A-49E0-B896-8A6770A91551}.Release|Any CPU.Deploy.0 = Release|Any CPU
		{EBB055C7-038A-49E0-B896-8A6770A91551}.Release|ARM.ActiveCfg = Release|Any CPU
		{EBB055C7-038A-49E0-B896-8A6770A91551}.Release|ARM.Build.0 = Release|Any CPU
		{EBB055C7-038A-49E0-B896-8A6770A91551}.Release|ARM.Deploy.0 = Release|Any CPU
		{EBB055C7-038A-49E0-B896-8A6770A91551}.Release|iPhone.ActiveCfg = Release|Any CPU
		{EBB055C7-038A-49E0-B896-8A6770A91551}.Release|iPhone.Build.0 = Release|Any CPU
		{EBB055C7-038A-49E0-B896-8A6770A91551}.Release|iPhone.Deploy.0 = Release|Any CPU
		{EBB055C7-038A-49E0-B896-8A6770A91551}.Release|iPhoneSimulator.ActiveCfg = Release|Any CPU
		{EBB055C7-038A-49E0-B896-8A6770A91551}.Release|iPhoneSimulator.Build.0 = Release|Any CPU
		{EBB055C7-038A-49E0-B896-8A6770A91551}.Release|iPhoneSimulator.Deploy.0 = Release|Any CPU
		{EBB055C7-038A-49E0-B896-8A6770A91551}.Release|x64.ActiveCfg = Release|Any CPU
		{EBB055C7-038A-49E0-B896-8A6770A91551}.Release|x64.Build.0 = Release|Any CPU
		{EBB055C7-038A-49E0-B896-8A6770A91551}.Release|x64.Deploy.0 = Release|Any CPU
		{EBB055C7-038A-49E0-B896-8A6770A91551}.Release|x86.ActiveCfg = Release|Any CPU
		{EBB055C7-038A-49E0-B896-8A6770A91551}.Release|x86.Build.0 = Release|Any CPU
		{EBB055C7-038A-49E0-B896-8A6770A91551}.Release|x86.Deploy.0 = Release|Any CPU
	EndGlobalSection
	GlobalSection(SolutionProperties) = preSolution
		HideSolutionNode = FALSE
	EndGlobalSection
	GlobalSection(ExtensibilityGlobals) = postSolution
		SolutionGuid = {42E88685-DF16-40F4-961C-749BE00AB6CE}
	EndGlobalSection
EndGlobal
