
Microsoft Visual Studio Solution File, Format Version 12.00
# Visual Studio 15
VisualStudioVersion = 15.0.28307.1022
MinimumVisualStudioVersion = 10.0.40219.1
Project("{FAE04EC0-301F-11D3-BF4B-00C04F79EFBC}") = "App02_TipoPaginaXF.Android", "App02_TipoPaginaXF\App02_TipoPaginaXF.Android\App02_TipoPaginaXF.Android.csproj", "{5BF47C92-4563-460A-A7C8-C29EBFAD0E87}"
EndProject
Project("{FAE04EC0-301F-11D3-BF4B-00C04F79EFBC}") = "App02_TipoPaginaXF.iOS", "App02_TipoPaginaXF\App02_TipoPaginaXF.iOS\App02_TipoPaginaXF.iOS.csproj", "{3EAD934A-B106-4409-B3A4-2C0593CC5E4D}"
EndProject
Project("{FAE04EC0-301F-11D3-BF4B-00C04F79EFBC}") = "App02_TipoPaginaXF.UWP", "App02_TipoPaginaXF\App02_TipoPaginaXF.UWP\App02_TipoPaginaXF.UWP.csproj", "{42DD920F-4D35-4323-8381-480FC9A62DEB}"
EndProject
Project("{FAE04EC0-301F-11D3-BF4B-00C04F79EFBC}") = "App02_TipoPaginaXF", "App02_TipoPaginaXF\App02_TipoPaginaXF\App02_TipoPaginaXF.csproj", "{EB79E7CD-E617-43E3-B248-571D4AF2D435}"
EndProject
Global
	GlobalSection(SolutionConfigurationPlatforms) = preSolution
		Ad-Hoc|Any CPU = Ad-Hoc|Any CPU
		Ad-Hoc|ARM = Ad-Hoc|ARM
		Ad-Hoc|iPhone = Ad-Hoc|iPhone
		Ad-Hoc|iPhoneSimulator = Ad-Hoc|iPhoneSimulator
		Ad-Hoc|x64 = Ad-Hoc|x64
		Ad-Hoc|x86 = Ad-Hoc|x86
		AppStore|Any CPU = AppStore|Any CPU
		AppStore|ARM = AppStore|ARM
		AppStore|iPhone = AppStore|iPhone
		AppStore|iPhoneSimulator = AppStore|iPhoneSimulator
		AppStore|x64 = AppStore|x64
		AppStore|x86 = AppStore|x86
		Debug|Any CPU = Debug|Any CPU
		Debug|ARM = Debug|ARM
		Debug|iPhone = Debug|iPhone
		Debug|iPhoneSimulator = Debug|iPhoneSimulator
		Debug|x64 = Debug|x64
		Debug|x86 = Debug|x86
		Release|Any CPU = Release|Any CPU
		Release|ARM = Release|ARM
		Release|iPhone = Release|iPhone
		Release|iPhoneSimulator = Release|iPhoneSimulator
		Release|x64 = Release|x64
		Release|x86 = Release|x86
	EndGlobalSection
	GlobalSection(ProjectConfigurationPlatforms) = postSolution
		{5BF47C92-4563-460A-A7C8-C29EBFAD0E87}.Ad-Hoc|Any CPU.ActiveCfg = Release|Any CPU
		{5BF47C92-4563-460A-A7C8-C29EBFAD0E87}.Ad-Hoc|Any CPU.Build.0 = Release|Any CPU
		{5BF47C92-4563-460A-A7C8-C29EBFAD0E87}.Ad-Hoc|Any CPU.Deploy.0 = Release|Any CPU
		{5BF47C92-4563-460A-A7C8-C29EBFAD0E87}.Ad-Hoc|ARM.ActiveCfg = Release|Any CPU
		{5BF47C92-4563-460A-A7C8-C29EBFAD0E87}.Ad-Hoc|ARM.Build.0 = Release|Any CPU
		{5BF47C92-4563-460A-A7C8-C29EBFAD0E87}.Ad-Hoc|ARM.Deploy.0 = Release|Any CPU
		{5BF47C92-4563-460A-A7C8-C29EBFAD0E87}.Ad-Hoc|iPhone.ActiveCfg = Release|Any CPU
		{5BF47C92-4563-460A-A7C8-C29EBFAD0E87}.Ad-Hoc|iPhone.Build.0 = Release|Any CPU
		{5BF47C92-4563-460A-A7C8-C29EBFAD0E87}.Ad-Hoc|iPhone.Deploy.0 = Release|Any CPU
		{5BF47C92-4563-460A-A7C8-C29EBFAD0E87}.Ad-Hoc|iPhoneSimulator.ActiveCfg = Release|Any CPU
		{5BF47C92-4563-460A-A7C8-C29EBFAD0E87}.Ad-Hoc|iPhoneSimulator.Build.0 = Release|Any CPU
		{5BF47C92-4563-460A-A7C8-C29EBFAD0E87}.Ad-Hoc|iPhoneSimulator.Deploy.0 = Release|Any CPU
		{5BF47C92-4563-460A-A7C8-C29EBFAD0E87}.Ad-Hoc|x64.ActiveCfg = Release|Any CPU
		{5BF47C92-4563-460A-A7C8-C29EBFAD0E87}.Ad-Hoc|x64.Build.0 = Release|Any CPU
		{5BF47C92-4563-460A-A7C8-C29EBFAD0E87}.Ad-Hoc|x64.Deploy.0 = Release|Any CPU
		{5BF47C92-4563-460A-A7C8-C29EBFAD0E87}.Ad-Hoc|x86.ActiveCfg = Release|Any CPU
		{5BF47C92-4563-460A-A7C8-C29EBFAD0E87}.Ad-Hoc|x86.Build.0 = Release|Any CPU
		{5BF47C92-4563-460A-A7C8-C29EBFAD0E87}.Ad-Hoc|x86.Deploy.0 = Release|Any CPU
		{5BF47C92-4563-460A-A7C8-C29EBFAD0E87}.AppStore|Any CPU.ActiveCfg = Release|Any CPU
		{5BF47C92-4563-460A-A7C8-C29EBFAD0E87}.AppStore|Any CPU.Build.0 = Release|Any CPU
		{5BF47C92-4563-460A-A7C8-C29EBFAD0E87}.AppStore|Any CPU.Deploy.0 = Release|Any CPU
		{5BF47C92-4563-460A-A7C8-C29EBFAD0E87}.AppStore|ARM.ActiveCfg = Release|Any CPU
		{5BF47C92-4563-460A-A7C8-C29EBFAD0E87}.AppStore|ARM.Build.0 = Release|Any CPU
		{5BF47C92-4563-460A-A7C8-C29EBFAD0E87}.AppStore|ARM.Deploy.0 = Release|Any CPU
		{5BF47C92-4563-460A-A7C8-C29EBFAD0E87}.AppStore|iPhone.ActiveCfg = Release|Any CPU
		{5BF47C92-4563-460A-A7C8-C29EBFAD0E87}.AppStore|iPhone.Build.0 = Release|Any CPU
		{5BF47C92-4563-460A-A7C8-C29EBFAD0E87}.AppStore|iPhone.Deploy.0 = Release|Any CPU
		{5BF47C92-4563-460A-A7C8-C29EBFAD0E87}.AppStore|iPhoneSimulator.ActiveCfg = Release|Any CPU
		{5BF47C92-4563-460A-A7C8-C29EBFAD0E87}.AppStore|iPhoneSimulator.Build.0 = Release|Any CPU
		{5BF47C92-4563-460A-A7C8-C29EBFAD0E87}.AppStore|iPhoneSimulator.Deploy.0 = Release|Any CPU
		{5BF47C92-4563-460A-A7C8-C29EBFAD0E87}.AppStore|x64.ActiveCfg = Release|Any CPU
		{5BF47C92-4563-460A-A7C8-C29EBFAD0E87}.AppStore|x64.Build.0 = Release|Any CPU
		{5BF47C92-4563-460A-A7C8-C29EBFAD0E87}.AppStore|x64.Deploy.0 = Release|Any CPU
		{5BF47C92-4563-460A-A7C8-C29EBFAD0E87}.AppStore|x86.ActiveCfg = Release|Any CPU
		{5BF47C92-4563-460A-A7C8-C29EBFAD0E87}.AppStore|x86.Build.0 = Release|Any CPU
		{5BF47C92-4563-460A-A7C8-C29EBFAD0E87}.AppStore|x86.Deploy.0 = Release|Any CPU
		{5BF47C92-4563-460A-A7C8-C29EBFAD0E87}.Debug|Any CPU.ActiveCfg = Debug|Any CPU
		{5BF47C92-4563-460A-A7C8-C29EBFAD0E87}.Debug|Any CPU.Build.0 = Debug|Any CPU
		{5BF47C92-4563-460A-A7C8-C29EBFAD0E87}.Debug|Any CPU.Deploy.0 = Debug|Any CPU
		{5BF47C92-4563-460A-A7C8-C29EBFAD0E87}.Debug|ARM.ActiveCfg = Debug|Any CPU
		{5BF47C92-4563-460A-A7C8-C29EBFAD0E87}.Debug|ARM.Build.0 = Debug|Any CPU
		{5BF47C92-4563-460A-A7C8-C29EBFAD0E87}.Debug|ARM.Deploy.0 = Debug|Any CPU
		{5BF47C92-4563-460A-A7C8-C29EBFAD0E87}.Debug|iPhone.ActiveCfg = Debug|Any CPU
		{5BF47C92-4563-460A-A7C8-C29EBFAD0E87}.Debug|iPhone.Build.0 = Debug|Any CPU
		{5BF47C92-4563-460A-A7C8-C29EBFAD0E87}.Debug|iPhone.Deploy.0 = Debug|Any CPU
		{5BF47C92-4563-460A-A7C8-C29EBFAD0E87}.Debug|iPhoneSimulator.ActiveCfg = Debug|Any CPU
		{5BF47C92-4563-460A-A7C8-C29EBFAD0E87}.Debug|iPhoneSimulator.Build.0 = Debug|Any CPU
		{5BF47C92-4563-460A-A7C8-C29EBFAD0E87}.Debug|iPhoneSimulator.Deploy.0 = Debug|Any CPU
		{5BF47C92-4563-460A-A7C8-C29EBFAD0E87}.Debug|x64.ActiveCfg = Debug|Any CPU
		{5BF47C92-4563-460A-A7C8-C29EBFAD0E87}.Debug|x64.Build.0 = Debug|Any CPU
		{5BF47C92-4563-460A-A7C8-C29EBFAD0E87}.Debug|x64.Deploy.0 = Debug|Any CPU
		{5BF47C92-4563-460A-A7C8-C29EBFAD0E87}.Debug|x86.ActiveCfg = Debug|Any CPU
		{5BF47C92-4563-460A-A7C8-C29EBFAD0E87}.Debug|x86.Build.0 = Debug|Any CPU
		{5BF47C92-4563-460A-A7C8-C29EBFAD0E87}.Debug|x86.Deploy.0 = Debug|Any CPU
		{5BF47C92-4563-460A-A7C8-C29EBFAD0E87}.Release|Any CPU.ActiveCfg = Release|Any CPU
		{5BF47C92-4563-460A-A7C8-C29EBFAD0E87}.Release|Any CPU.Build.0 = Release|Any CPU
		{5BF47C92-4563-460A-A7C8-C29EBFAD0E87}.Release|Any CPU.Deploy.0 = Release|Any CPU
		{5BF47C92-4563-460A-A7C8-C29EBFAD0E87}.Release|ARM.ActiveCfg = Release|Any CPU
		{5BF47C92-4563-460A-A7C8-C29EBFAD0E87}.Release|ARM.Build.0 = Release|Any CPU
		{5BF47C92-4563-460A-A7C8-C29EBFAD0E87}.Release|ARM.Deploy.0 = Release|Any CPU
		{5BF47C92-4563-460A-A7C8-C29EBFAD0E87}.Release|iPhone.ActiveCfg = Release|Any CPU
		{5BF47C92-4563-460A-A7C8-C29EBFAD0E87}.Release|iPhone.Build.0 = Release|Any CPU
		{5BF47C92-4563-460A-A7C8-C29EBFAD0E87}.Release|iPhone.Deploy.0 = Release|Any CPU
		{5BF47C92-4563-460A-A7C8-C29EBFAD0E87}.Release|iPhoneSimulator.ActiveCfg = Release|Any CPU
		{5BF47C92-4563-460A-A7C8-C29EBFAD0E87}.Release|iPhoneSimulator.Build.0 = Release|Any CPU
		{5BF47C92-4563-460A-A7C8-C29EBFAD0E87}.Release|iPhoneSimulator.Deploy.0 = Release|Any CPU
		{5BF47C92-4563-460A-A7C8-C29EBFAD0E87}.Release|x64.ActiveCfg = Release|Any CPU
		{5BF47C92-4563-460A-A7C8-C29EBFAD0E87}.Release|x64.Build.0 = Release|Any CPU
		{5BF47C92-4563-460A-A7C8-C29EBFAD0E87}.Release|x64.Deploy.0 = Release|Any CPU
		{5BF47C92-4563-460A-A7C8-C29EBFAD0E87}.Release|x86.ActiveCfg = Release|Any CPU
		{5BF47C92-4563-460A-A7C8-C29EBFAD0E87}.Release|x86.Build.0 = Release|Any CPU
		{5BF47C92-4563-460A-A7C8-C29EBFAD0E87}.Release|x86.Deploy.0 = Release|Any CPU
		{3EAD934A-B106-4409-B3A4-2C0593CC5E4D}.Ad-Hoc|Any CPU.ActiveCfg = Ad-Hoc|iPhone
		{3EAD934A-B106-4409-B3A4-2C0593CC5E4D}.Ad-Hoc|Any CPU.Build.0 = Ad-Hoc|iPhone
		{3EAD934A-B106-4409-B3A4-2C0593CC5E4D}.Ad-Hoc|Any CPU.Deploy.0 = Ad-Hoc|iPhone
		{3EAD934A-B106-4409-B3A4-2C0593CC5E4D}.Ad-Hoc|ARM.ActiveCfg = Ad-Hoc|iPhone
		{3EAD934A-B106-4409-B3A4-2C0593CC5E4D}.Ad-Hoc|ARM.Build.0 = Ad-Hoc|iPhone
		{3EAD934A-B106-4409-B3A4-2C0593CC5E4D}.Ad-Hoc|ARM.Deploy.0 = Ad-Hoc|iPhone
		{3EAD934A-B106-4409-B3A4-2C0593CC5E4D}.Ad-Hoc|iPhone.ActiveCfg = Ad-Hoc|iPhone
		{3EAD934A-B106-4409-B3A4-2C0593CC5E4D}.Ad-Hoc|iPhone.Build.0 = Ad-Hoc|iPhone
		{3EAD934A-B106-4409-B3A4-2C0593CC5E4D}.Ad-Hoc|iPhone.Deploy.0 = Ad-Hoc|iPhone
		{3EAD934A-B106-4409-B3A4-2C0593CC5E4D}.Ad-Hoc|iPhoneSimulator.ActiveCfg = Ad-Hoc|iPhoneSimulator
		{3EAD934A-B106-4409-B3A4-2C0593CC5E4D}.Ad-Hoc|iPhoneSimulator.Build.0 = Ad-Hoc|iPhoneSimulator
		{3EAD934A-B106-4409-B3A4-2C0593CC5E4D}.Ad-Hoc|iPhoneSimulator.Deploy.0 = Ad-Hoc|iPhoneSimulator
		{3EAD934A-B106-4409-B3A4-2C0593CC5E4D}.Ad-Hoc|x64.ActiveCfg = Ad-Hoc|iPhone
		{3EAD934A-B106-4409-B3A4-2C0593CC5E4D}.Ad-Hoc|x64.Build.0 = Ad-Hoc|iPhone
		{3EAD934A-B106-4409-B3A4-2C0593CC5E4D}.Ad-Hoc|x64.Deploy.0 = Ad-Hoc|iPhone
		{3EAD934A-B106-4409-B3A4-2C0593CC5E4D}.Ad-Hoc|x86.ActiveCfg = Ad-Hoc|iPhone
		{3EAD934A-B106-4409-B3A4-2C0593CC5E4D}.Ad-Hoc|x86.Build.0 = Ad-Hoc|iPhone
		{3EAD934A-B106-4409-B3A4-2C0593CC5E4D}.Ad-Hoc|x86.Deploy.0 = Ad-Hoc|iPhone
		{3EAD934A-B106-4409-B3A4-2C0593CC5E4D}.AppStore|Any CPU.ActiveCfg = AppStore|iPhone
		{3EAD934A-B106-4409-B3A4-2C0593CC5E4D}.AppStore|Any CPU.Build.0 = AppStore|iPhone
		{3EAD934A-B106-4409-B3A4-2C0593CC5E4D}.AppStore|Any CPU.Deploy.0 = AppStore|iPhone
		{3EAD934A-B106-4409-B3A4-2C0593CC5E4D}.AppStore|ARM.ActiveCfg = AppStore|iPhone
		{3EAD934A-B106-4409-B3A4-2C0593CC5E4D}.AppStore|ARM.Build.0 = AppStore|iPhone
		{3EAD934A-B106-4409-B3A4-2C0593CC5E4D}.AppStore|ARM.Deploy.0 = AppStore|iPhone
		{3EAD934A-B106-4409-B3A4-2C0593CC5E4D}.AppStore|iPhone.ActiveCfg = AppStore|iPhone
		{3EAD934A-B106-4409-B3A4-2C0593CC5E4D}.AppStore|iPhone.Build.0 = AppStore|iPhone
		{3EAD934A-B106-4409-B3A4-2C0593CC5E4D}.AppStore|iPhone.Deploy.0 = AppStore|iPhone
		{3EAD934A-B106-4409-B3A4-2C0593CC5E4D}.AppStore|iPhoneSimulator.ActiveCfg = AppStore|iPhoneSimulator
		{3EAD934A-B106-4409-B3A4-2C0593CC5E4D}.AppStore|iPhoneSimulator.Build.0 = AppStore|iPhoneSimulator
		{3EAD934A-B106-4409-B3A4-2C0593CC5E4D}.AppStore|iPhoneSimulator.Deploy.0 = AppStore|iPhoneSimulator
		{3EAD934A-B106-4409-B3A4-2C0593CC5E4D}.AppStore|x64.ActiveCfg = AppStore|iPhone
		{3EAD934A-B106-4409-B3A4-2C0593CC5E4D}.AppStore|x64.Build.0 = AppStore|iPhone
		{3EAD934A-B106-4409-B3A4-2C0593CC5E4D}.AppStore|x64.Deploy.0 = AppStore|iPhone
		{3EAD934A-B106-4409-B3A4-2C0593CC5E4D}.AppStore|x86.ActiveCfg = AppStore|iPhone
		{3EAD934A-B106-4409-B3A4-2C0593CC5E4D}.AppStore|x86.Build.0 = AppStore|iPhone
		{3EAD934A-B106-4409-B3A4-2C0593CC5E4D}.AppStore|x86.Deploy.0 = AppStore|iPhone
		{3EAD934A-B106-4409-B3A4-2C0593CC5E4D}.Debug|Any CPU.ActiveCfg = Debug|iPhoneSimulator
		{3EAD934A-B106-4409-B3A4-2C0593CC5E4D}.Debug|Any CPU.Build.0 = Debug|iPhoneSimulator
		{3EAD934A-B106-4409-B3A4-2C0593CC5E4D}.Debug|Any CPU.Deploy.0 = Debug|iPhoneSimulator
		{3EAD934A-B106-4409-B3A4-2C0593CC5E4D}.Debug|ARM.ActiveCfg = Debug|iPhone
		{3EAD934A-B106-4409-B3A4-2C0593CC5E4D}.Debug|ARM.Build.0 = Debug|iPhone
		{3EAD934A-B106-4409-B3A4-2C0593CC5E4D}.Debug|ARM.Deploy.0 = Debug|iPhone
		{3EAD934A-B106-4409-B3A4-2C0593CC5E4D}.Debug|iPhone.ActiveCfg = Debug|iPhone
		{3EAD934A-B106-4409-B3A4-2C0593CC5E4D}.Debug|iPhone.Build.0 = Debug|iPhone
		{3EAD934A-B106-4409-B3A4-2C0593CC5E4D}.Debug|iPhone.Deploy.0 = Debug|iPhone
		{3EAD934A-B106-4409-B3A4-2C0593CC5E4D}.Debug|iPhoneSimulator.ActiveCfg = Debug|iPhoneSimulator
		{3EAD934A-B106-4409-B3A4-2C0593CC5E4D}.Debug|iPhoneSimulator.Build.0 = Debug|iPhoneSimulator
		{3EAD934A-B106-4409-B3A4-2C0593CC5E4D}.Debug|iPhoneSimulator.Deploy.0 = Debug|iPhoneSimulator
		{3EAD934A-B106-4409-B3A4-2C0593CC5E4D}.Debug|x64.ActiveCfg = Debug|iPhone
		{3EAD934A-B106-4409-B3A4-2C0593CC5E4D}.Debug|x64.Build.0 = Debug|iPhone
		{3EAD934A-B106-4409-B3A4-2C0593CC5E4D}.Debug|x64.Deploy.0 = Debug|iPhone
		{3EAD934A-B106-4409-B3A4-2C0593CC5E4D}.Debug|x86.ActiveCfg = Debug|iPhone
		{3EAD934A-B106-4409-B3A4-2C0593CC5E4D}.Debug|x86.Build.0 = Debug|iPhone
		{3EAD934A-B106-4409-B3A4-2C0593CC5E4D}.Debug|x86.Deploy.0 = Debug|iPhone
		{3EAD934A-B106-4409-B3A4-2C0593CC5E4D}.Release|Any CPU.ActiveCfg = Release|iPhone
		{3EAD934A-B106-4409-B3A4-2C0593CC5E4D}.Release|Any CPU.Build.0 = Release|iPhone
		{3EAD934A-B106-4409-B3A4-2C0593CC5E4D}.Release|Any CPU.Deploy.0 = Release|iPhone
		{3EAD934A-B106-4409-B3A4-2C0593CC5E4D}.Release|ARM.ActiveCfg = Release|iPhone
		{3EAD934A-B106-4409-B3A4-2C0593CC5E4D}.Release|ARM.Build.0 = Release|iPhone
		{3EAD934A-B106-4409-B3A4-2C0593CC5E4D}.Release|ARM.Deploy.0 = Release|iPhone
		{3EAD934A-B106-4409-B3A4-2C0593CC5E4D}.Release|iPhone.ActiveCfg = Release|iPhone
		{3EAD934A-B106-4409-B3A4-2C0593CC5E4D}.Release|iPhone.Build.0 = Release|iPhone
		{3EAD934A-B106-4409-B3A4-2C0593CC5E4D}.Release|iPhone.Deploy.0 = Release|iPhone
		{3EAD934A-B106-4409-B3A4-2C0593CC5E4D}.Release|iPhoneSimulator.ActiveCfg = Release|iPhoneSimulator
		{3EAD934A-B106-4409-B3A4-2C0593CC5E4D}.Release|iPhoneSimulator.Build.0 = Release|iPhoneSimulator
		{3EAD934A-B106-4409-B3A4-2C0593CC5E4D}.Release|iPhoneSimulator.Deploy.0 = Release|iPhoneSimulator
		{3EAD934A-B106-4409-B3A4-2C0593CC5E4D}.Release|x64.ActiveCfg = Release|iPhone
		{3EAD934A-B106-4409-B3A4-2C0593CC5E4D}.Release|x64.Build.0 = Release|iPhone
		{3EAD934A-B106-4409-B3A4-2C0593CC5E4D}.Release|x64.Deploy.0 = Release|iPhone
		{3EAD934A-B106-4409-B3A4-2C0593CC5E4D}.Release|x86.ActiveCfg = Release|iPhone
		{3EAD934A-B106-4409-B3A4-2C0593CC5E4D}.Release|x86.Build.0 = Release|iPhone
		{3EAD934A-B106-4409-B3A4-2C0593CC5E4D}.Release|x86.Deploy.0 = Release|iPhone
		{42DD920F-4D35-4323-8381-480FC9A62DEB}.Ad-Hoc|Any CPU.ActiveCfg = Release|x86
		{42DD920F-4D35-4323-8381-480FC9A62DEB}.Ad-Hoc|Any CPU.Build.0 = Release|x86
		{42DD920F-4D35-4323-8381-480FC9A62DEB}.Ad-Hoc|Any CPU.Deploy.0 = Release|x86
		{42DD920F-4D35-4323-8381-480FC9A62DEB}.Ad-Hoc|ARM.ActiveCfg = Release|ARM
		{42DD920F-4D35-4323-8381-480FC9A62DEB}.Ad-Hoc|ARM.Build.0 = Release|ARM
		{42DD920F-4D35-4323-8381-480FC9A62DEB}.Ad-Hoc|ARM.Deploy.0 = Release|ARM
		{42DD920F-4D35-4323-8381-480FC9A62DEB}.Ad-Hoc|iPhone.ActiveCfg = Release|x86
		{42DD920F-4D35-4323-8381-480FC9A62DEB}.Ad-Hoc|iPhone.Build.0 = Release|x86
		{42DD920F-4D35-4323-8381-480FC9A62DEB}.Ad-Hoc|iPhone.Deploy.0 = Release|x86
		{42DD920F-4D35-4323-8381-480FC9A62DEB}.Ad-Hoc|iPhoneSimulator.ActiveCfg = Release|x86
		{42DD920F-4D35-4323-8381-480FC9A62DEB}.Ad-Hoc|iPhoneSimulator.Build.0 = Release|x86
		{42DD920F-4D35-4323-8381-480FC9A62DEB}.Ad-Hoc|iPhoneSimulator.Deploy.0 = Release|x86
		{42DD920F-4D35-4323-8381-480FC9A62DEB}.Ad-Hoc|x64.ActiveCfg = Release|x64
		{42DD920F-4D35-4323-8381-480FC9A62DEB}.Ad-Hoc|x64.Build.0 = Release|x64
		{42DD920F-4D35-4323-8381-480FC9A62DEB}.Ad-Hoc|x64.Deploy.0 = Release|x64
		{42DD920F-4D35-4323-8381-480FC9A62DEB}.Ad-Hoc|x86.ActiveCfg = Release|x86
		{42DD920F-4D35-4323-8381-480FC9A62DEB}.Ad-Hoc|x86.Build.0 = Release|x86
		{42DD920F-4D35-4323-8381-480FC9A62DEB}.Ad-Hoc|x86.Deploy.0 = Release|x86
		{42DD920F-4D35-4323-8381-480FC9A62DEB}.AppStore|Any CPU.ActiveCfg = Release|x86
		{42DD920F-4D35-4323-8381-480FC9A62DEB}.AppStore|Any CPU.Build.0 = Release|x86
		{42DD920F-4D35-4323-8381-480FC9A62DEB}.AppStore|Any CPU.Deploy.0 = Release|x86
		{42DD920F-4D35-4323-8381-480FC9A62DEB}.AppStore|ARM.ActiveCfg = Release|ARM
		{42DD920F-4D35-4323-8381-480FC9A62DEB}.AppStore|ARM.Build.0 = Release|ARM
		{42DD920F-4D35-4323-8381-480FC9A62DEB}.AppStore|ARM.Deploy.0 = Release|ARM
		{42DD920F-4D35-4323-8381-480FC9A62DEB}.AppStore|iPhone.ActiveCfg = Release|x86
		{42DD920F-4D35-4323-8381-480FC9A62DEB}.AppStore|iPhone.Build.0 = Release|x86
		{42DD920F-4D35-4323-8381-480FC9A62DEB}.AppStore|iPhone.Deploy.0 = Release|x86
		{42DD920F-4D35-4323-8381-480FC9A62DEB}.AppStore|iPhoneSimulator.ActiveCfg = Release|x86
		{42DD920F-4D35-4323-8381-480FC9A62DEB}.AppStore|iPhoneSimulator.Build.0 = Release|x86
		{42DD920F-4D35-4323-8381-480FC9A62DEB}.AppStore|iPhoneSimulator.Deploy.0 = Release|x86
		{42DD920F-4D35-4323-8381-480FC9A62DEB}.AppStore|x64.ActiveCfg = Release|x64
		{42DD920F-4D35-4323-8381-480FC9A62DEB}.AppStore|x64.Build.0 = Release|x64
		{42DD920F-4D35-4323-8381-480FC9A62DEB}.AppStore|x64.Deploy.0 = Release|x64
		{42DD920F-4D35-4323-8381-480FC9A62DEB}.AppStore|x86.ActiveCfg = Release|x86
		{42DD920F-4D35-4323-8381-480FC9A62DEB}.AppStore|x86.Build.0 = Release|x86
		{42DD920F-4D35-4323-8381-480FC9A62DEB}.AppStore|x86.Deploy.0 = Release|x86
		{42DD920F-4D35-4323-8381-480FC9A62DEB}.Debug|Any CPU.ActiveCfg = Debug|x86
		{42DD920F-4D35-4323-8381-480FC9A62DEB}.Debug|Any CPU.Build.0 = Debug|x86
		{42DD920F-4D35-4323-8381-480FC9A62DEB}.Debug|Any CPU.Deploy.0 = Debug|x86
		{42DD920F-4D35-4323-8381-480FC9A62DEB}.Debug|ARM.ActiveCfg = Debug|ARM
		{42DD920F-4D35-4323-8381-480FC9A62DEB}.Debug|ARM.Build.0 = Debug|ARM
		{42DD920F-4D35-4323-8381-480FC9A62DEB}.Debug|ARM.Deploy.0 = Debug|ARM
		{42DD920F-4D35-4323-8381-480FC9A62DEB}.Debug|iPhone.ActiveCfg = Debug|x86
		{42DD920F-4D35-4323-8381-480FC9A62DEB}.Debug|iPhone.Build.0 = Debug|x86
		{42DD920F-4D35-4323-8381-480FC9A62DEB}.Debug|iPhone.Deploy.0 = Debug|x86
		{42DD920F-4D35-4323-8381-480FC9A62DEB}.Debug|iPhoneSimulator.ActiveCfg = Debug|x86
		{42DD920F-4D35-4323-8381-480FC9A62DEB}.Debug|iPhoneSimulator.Build.0 = Debug|x86
		{42DD920F-4D35-4323-8381-480FC9A62DEB}.Debug|iPhoneSimulator.Deploy.0 = Debug|x86
		{42DD920F-4D35-4323-8381-480FC9A62DEB}.Debug|x64.ActiveCfg = Debug|x64
		{42DD920F-4D35-4323-8381-480FC9A62DEB}.Debug|x64.Build.0 = Debug|x64
		{42DD920F-4D35-4323-8381-480FC9A62DEB}.Debug|x64.Deploy.0 = Debug|x64
		{42DD920F-4D35-4323-8381-480FC9A62DEB}.Debug|x86.ActiveCfg = Debug|x86
		{42DD920F-4D35-4323-8381-480FC9A62DEB}.Debug|x86.Build.0 = Debug|x86
		{42DD920F-4D35-4323-8381-480FC9A62DEB}.Debug|x86.Deploy.0 = Debug|x86
		{42DD920F-4D35-4323-8381-480FC9A62DEB}.Release|Any CPU.ActiveCfg = Release|x86
		{42DD920F-4D35-4323-8381-480FC9A62DEB}.Release|Any CPU.Build.0 = Release|x86
		{42DD920F-4D35-4323-8381-480FC9A62DEB}.Release|Any CPU.Deploy.0 = Release|x86
		{42DD920F-4D35-4323-8381-480FC9A62DEB}.Release|ARM.ActiveCfg = Release|ARM
		{42DD920F-4D35-4323-8381-480FC9A62DEB}.Release|ARM.Build.0 = Release|ARM
		{42DD920F-4D35-4323-8381-480FC9A62DEB}.Release|ARM.Deploy.0 = Release|ARM
		{42DD920F-4D35-4323-8381-480FC9A62DEB}.Release|iPhone.ActiveCfg = Release|x86
		{42DD920F-4D35-4323-8381-480FC9A62DEB}.Release|iPhone.Build.0 = Release|x86
		{42DD920F-4D35-4323-8381-480FC9A62DEB}.Release|iPhone.Deploy.0 = Release|x86
		{42DD920F-4D35-4323-8381-480FC9A62DEB}.Release|iPhoneSimulator.ActiveCfg = Release|x86
		{42DD920F-4D35-4323-8381-480FC9A62DEB}.Release|iPhoneSimulator.Build.0 = Release|x86
		{42DD920F-4D35-4323-8381-480FC9A62DEB}.Release|iPhoneSimulator.Deploy.0 = Release|x86
		{42DD920F-4D35-4323-8381-480FC9A62DEB}.Release|x64.ActiveCfg = Release|x64
		{42DD920F-4D35-4323-8381-480FC9A62DEB}.Release|x64.Build.0 = Release|x64
		{42DD920F-4D35-4323-8381-480FC9A62DEB}.Release|x64.Deploy.0 = Release|x64
		{42DD920F-4D35-4323-8381-480FC9A62DEB}.Release|x86.ActiveCfg = Release|x86
		{42DD920F-4D35-4323-8381-480FC9A62DEB}.Release|x86.Build.0 = Release|x86
		{42DD920F-4D35-4323-8381-480FC9A62DEB}.Release|x86.Deploy.0 = Release|x86
		{EB79E7CD-E617-43E3-B248-571D4AF2D435}.Ad-Hoc|Any CPU.ActiveCfg = Debug|Any CPU
		{EB79E7CD-E617-43E3-B248-571D4AF2D435}.Ad-Hoc|Any CPU.Build.0 = Debug|Any CPU
		{EB79E7CD-E617-43E3-B248-571D4AF2D435}.Ad-Hoc|Any CPU.Deploy.0 = Debug|Any CPU
		{EB79E7CD-E617-43E3-B248-571D4AF2D435}.Ad-Hoc|ARM.ActiveCfg = Debug|Any CPU
		{EB79E7CD-E617-43E3-B248-571D4AF2D435}.Ad-Hoc|ARM.Build.0 = Debug|Any CPU
		{EB79E7CD-E617-43E3-B248-571D4AF2D435}.Ad-Hoc|ARM.Deploy.0 = Debug|Any CPU
		{EB79E7CD-E617-43E3-B248-571D4AF2D435}.Ad-Hoc|iPhone.ActiveCfg = Debug|Any CPU
		{EB79E7CD-E617-43E3-B248-571D4AF2D435}.Ad-Hoc|iPhone.Build.0 = Debug|Any CPU
		{EB79E7CD-E617-43E3-B248-571D4AF2D435}.Ad-Hoc|iPhone.Deploy.0 = Debug|Any CPU
		{EB79E7CD-E617-43E3-B248-571D4AF2D435}.Ad-Hoc|iPhoneSimulator.ActiveCfg = Debug|Any CPU
		{EB79E7CD-E617-43E3-B248-571D4AF2D435}.Ad-Hoc|iPhoneSimulator.Build.0 = Debug|Any CPU
		{EB79E7CD-E617-43E3-B248-571D4AF2D435}.Ad-Hoc|iPhoneSimulator.Deploy.0 = Debug|Any CPU
		{EB79E7CD-E617-43E3-B248-571D4AF2D435}.Ad-Hoc|x64.ActiveCfg = Debug|Any CPU
		{EB79E7CD-E617-43E3-B248-571D4AF2D435}.Ad-Hoc|x64.Build.0 = Debug|Any CPU
		{EB79E7CD-E617-43E3-B248-571D4AF2D435}.Ad-Hoc|x64.Deploy.0 = Debug|Any CPU
		{EB79E7CD-E617-43E3-B248-571D4AF2D435}.Ad-Hoc|x86.ActiveCfg = Debug|Any CPU
		{EB79E7CD-E617-43E3-B248-571D4AF2D435}.Ad-Hoc|x86.Build.0 = Debug|Any CPU
		{EB79E7CD-E617-43E3-B248-571D4AF2D435}.Ad-Hoc|x86.Deploy.0 = Debug|Any CPU
		{EB79E7CD-E617-43E3-B248-571D4AF2D435}.AppStore|Any CPU.ActiveCfg = Debug|Any CPU
		{EB79E7CD-E617-43E3-B248-571D4AF2D435}.AppStore|Any CPU.Build.0 = Debug|Any CPU
		{EB79E7CD-E617-43E3-B248-571D4AF2D435}.AppStore|Any CPU.Deploy.0 = Debug|Any CPU
		{EB79E7CD-E617-43E3-B248-571D4AF2D435}.AppStore|ARM.ActiveCfg = Debug|Any CPU
		{EB79E7CD-E617-43E3-B248-571D4AF2D435}.AppStore|ARM.Build.0 = Debug|Any CPU
		{EB79E7CD-E617-43E3-B248-571D4AF2D435}.AppStore|ARM.Deploy.0 = Debug|Any CPU
		{EB79E7CD-E617-43E3-B248-571D4AF2D435}.AppStore|iPhone.ActiveCfg = Debug|Any CPU
		{EB79E7CD-E617-43E3-B248-571D4AF2D435}.AppStore|iPhone.Build.0 = Debug|Any CPU
		{EB79E7CD-E617-43E3-B248-571D4AF2D435}.AppStore|iPhone.Deploy.0 = Debug|Any CPU
		{EB79E7CD-E617-43E3-B248-571D4AF2D435}.AppStore|iPhoneSimulator.ActiveCfg = Debug|Any CPU
		{EB79E7CD-E617-43E3-B248-571D4AF2D435}.AppStore|iPhoneSimulator.Build.0 = Debug|Any CPU
		{EB79E7CD-E617-43E3-B248-571D4AF2D435}.AppStore|iPhoneSimulator.Deploy.0 = Debug|Any CPU
		{EB79E7CD-E617-43E3-B248-571D4AF2D435}.AppStore|x64.ActiveCfg = Debug|Any CPU
		{EB79E7CD-E617-43E3-B248-571D4AF2D435}.AppStore|x64.Build.0 = Debug|Any CPU
		{EB79E7CD-E617-43E3-B248-571D4AF2D435}.AppStore|x64.Deploy.0 = Debug|Any CPU
		{EB79E7CD-E617-43E3-B248-571D4AF2D435}.AppStore|x86.ActiveCfg = Debug|Any CPU
		{EB79E7CD-E617-43E3-B248-571D4AF2D435}.AppStore|x86.Build.0 = Debug|Any CPU
		{EB79E7CD-E617-43E3-B248-571D4AF2D435}.AppStore|x86.Deploy.0 = Debug|Any CPU
		{EB79E7CD-E617-43E3-B248-571D4AF2D435}.Debug|Any CPU.ActiveCfg = Debug|Any CPU
		{EB79E7CD-E617-43E3-B248-571D4AF2D435}.Debug|Any CPU.Build.0 = Debug|Any CPU
		{EB79E7CD-E617-43E3-B248-571D4AF2D435}.Debug|Any CPU.Deploy.0 = Debug|Any CPU
		{EB79E7CD-E617-43E3-B248-571D4AF2D435}.Debug|ARM.ActiveCfg = Debug|Any CPU
		{EB79E7CD-E617-43E3-B248-571D4AF2D435}.Debug|ARM.Build.0 = Debug|Any CPU
		{EB79E7CD-E617-43E3-B248-571D4AF2D435}.Debug|ARM.Deploy.0 = Debug|Any CPU
		{EB79E7CD-E617-43E3-B248-571D4AF2D435}.Debug|iPhone.ActiveCfg = Debug|Any CPU
		{EB79E7CD-E617-43E3-B248-571D4AF2D435}.Debug|iPhone.Build.0 = Debug|Any CPU
		{EB79E7CD-E617-43E3-B248-571D4AF2D435}.Debug|iPhone.Deploy.0 = Debug|Any CPU
		{EB79E7CD-E617-43E3-B248-571D4AF2D435}.Debug|iPhoneSimulator.ActiveCfg = Debug|Any CPU
		{EB79E7CD-E617-43E3-B248-571D4AF2D435}.Debug|iPhoneSimulator.Build.0 = Debug|Any CPU
		{EB79E7CD-E617-43E3-B248-571D4AF2D435}.Debug|iPhoneSimulator.Deploy.0 = Debug|Any CPU
		{EB79E7CD-E617-43E3-B248-571D4AF2D435}.Debug|x64.ActiveCfg = Debug|Any CPU
		{EB79E7CD-E617-43E3-B248-571D4AF2D435}.Debug|x64.Build.0 = Debug|Any CPU
		{EB79E7CD-E617-43E3-B248-571D4AF2D435}.Debug|x64.Deploy.0 = Debug|Any CPU
		{EB79E7CD-E617-43E3-B248-571D4AF2D435}.Debug|x86.ActiveCfg = Debug|Any CPU
		{EB79E7CD-E617-43E3-B248-571D4AF2D435}.Debug|x86.Build.0 = Debug|Any CPU
		{EB79E7CD-E617-43E3-B248-571D4AF2D435}.Debug|x86.Deploy.0 = Debug|Any CPU
		{EB79E7CD-E617-43E3-B248-571D4AF2D435}.Release|Any CPU.ActiveCfg = Release|Any CPU
		{EB79E7CD-E617-43E3-B248-571D4AF2D435}.Release|Any CPU.Build.0 = Release|Any CPU
		{EB79E7CD-E617-43E3-B248-571D4AF2D435}.Release|Any CPU.Deploy.0 = Release|Any CPU
		{EB79E7CD-E617-43E3-B248-571D4AF2D435}.Release|ARM.ActiveCfg = Release|Any CPU
		{EB79E7CD-E617-43E3-B248-571D4AF2D435}.Release|ARM.Build.0 = Release|Any CPU
		{EB79E7CD-E617-43E3-B248-571D4AF2D435}.Release|ARM.Deploy.0 = Release|Any CPU
		{EB79E7CD-E617-43E3-B248-571D4AF2D435}.Release|iPhone.ActiveCfg = Release|Any CPU
		{EB79E7CD-E617-43E3-B248-571D4AF2D435}.Release|iPhone.Build.0 = Release|Any CPU
		{EB79E7CD-E617-43E3-B248-571D4AF2D435}.Release|iPhone.Deploy.0 = Release|Any CPU
		{EB79E7CD-E617-43E3-B248-571D4AF2D435}.Release|iPhoneSimulator.ActiveCfg = Release|Any CPU
		{EB79E7CD-E617-43E3-B248-571D4AF2D435}.Release|iPhoneSimulator.Build.0 = Release|Any CPU
		{EB79E7CD-E617-43E3-B248-571D4AF2D435}.Release|iPhoneSimulator.Deploy.0 = Release|Any CPU
		{EB79E7CD-E617-43E3-B248-571D4AF2D435}.Release|x64.ActiveCfg = Release|Any CPU
		{EB79E7CD-E617-43E3-B248-571D4AF2D435}.Release|x64.Build.0 = Release|Any CPU
		{EB79E7CD-E617-43E3-B248-571D4AF2D435}.Release|x64.Deploy.0 = Release|Any CPU
		{EB79E7CD-E617-43E3-B248-571D4AF2D435}.Release|x86.ActiveCfg = Release|Any CPU
		{EB79E7CD-E617-43E3-B248-571D4AF2D435}.Release|x86.Build.0 = Release|Any CPU
		{EB79E7CD-E617-43E3-B248-571D4AF2D435}.Release|x86.Deploy.0 = Release|Any CPU
	EndGlobalSection
	GlobalSection(SolutionProperties) = preSolution
		HideSolutionNode = FALSE
	EndGlobalSection
	GlobalSection(ExtensibilityGlobals) = postSolution
		SolutionGuid = {9D42EE80-6975-4684-9FE6-852AC52CF76E}
	EndGlobalSection
EndGlobal
