
Microsoft Visual Studio Solution File, Format Version 12.00
# Visual Studio 15
VisualStudioVersion = 15.0.28307.705
MinimumVisualStudioVersion = 10.0.40219.1
Project("{FAE04EC0-301F-11D3-BF4B-00C04F79EFBC}") = "App01_ConsultarCEP.Android", "App01_ConsultarCEP\App01_ConsultarCEP.Android\App01_ConsultarCEP.Android.csproj", "{D1266D0C-8E80-4D3F-8E4A-4101D3E61A12}"
EndProject
Project("{FAE04EC0-301F-11D3-BF4B-00C04F79EFBC}") = "App01_ConsultarCEP.iOS", "App01_ConsultarCEP\App01_ConsultarCEP.iOS\App01_ConsultarCEP.iOS.csproj", "{BBA16F13-5CFE-4C4D-898C-3EBADE811563}"
EndProject
Project("{FAE04EC0-301F-11D3-BF4B-00C04F79EFBC}") = "App01_ConsultarCEP.UWP", "App01_ConsultarCEP\App01_ConsultarCEP.UWP\App01_ConsultarCEP.UWP.csproj", "{ED243980-DE56-4F3B-8A4F-F491B9CA2978}"
EndProject
Project("{FAE04EC0-301F-11D3-BF4B-00C04F79EFBC}") = "App01_ConsultarCEP", "App01_ConsultarCEP\App01_ConsultarCEP\App01_ConsultarCEP.csproj", "{67F5A7D5-3E03-436A-919E-1EE9D577130D}"
EndProject
Global
	GlobalSection(SolutionConfigurationPlatforms) = preSolution
		Ad-Hoc|Any CPU = Ad-Hoc|Any CPU
		Ad-Hoc|ARM = Ad-Hoc|ARM
		Ad-Hoc|iPhone = Ad-Hoc|iPhone
		Ad-Hoc|iPhoneSimulator = Ad-Hoc|iPhoneSimulator
		Ad-Hoc|x64 = Ad-Hoc|x64
		Ad-Hoc|x86 = Ad-Hoc|x86
		AppStore|Any CPU = AppStore|Any CPU
		AppStore|ARM = AppStore|ARM
		AppStore|iPhone = AppStore|iPhone
		AppStore|iPhoneSimulator = AppStore|iPhoneSimulator
		AppStore|x64 = AppStore|x64
		AppStore|x86 = AppStore|x86
		Debug|Any CPU = Debug|Any CPU
		Debug|ARM = Debug|ARM
		Debug|iPhone = Debug|iPhone
		Debug|iPhoneSimulator = Debug|iPhoneSimulator
		Debug|x64 = Debug|x64
		Debug|x86 = Debug|x86
		Release|Any CPU = Release|Any CPU
		Release|ARM = Release|ARM
		Release|iPhone = Release|iPhone
		Release|iPhoneSimulator = Release|iPhoneSimulator
		Release|x64 = Release|x64
		Release|x86 = Release|x86
	EndGlobalSection
	GlobalSection(ProjectConfigurationPlatforms) = postSolution
		{D1266D0C-8E80-4D3F-8E4A-4101D3E61A12}.Ad-Hoc|Any CPU.ActiveCfg = Release|Any CPU
		{D1266D0C-8E80-4D3F-8E4A-4101D3E61A12}.Ad-Hoc|Any CPU.Build.0 = Release|Any CPU
		{D1266D0C-8E80-4D3F-8E4A-4101D3E61A12}.Ad-Hoc|Any CPU.Deploy.0 = Release|Any CPU
		{D1266D0C-8E80-4D3F-8E4A-4101D3E61A12}.Ad-Hoc|ARM.ActiveCfg = Release|Any CPU
		{D1266D0C-8E80-4D3F-8E4A-4101D3E61A12}.Ad-Hoc|ARM.Build.0 = Release|Any CPU
		{D1266D0C-8E80-4D3F-8E4A-4101D3E61A12}.Ad-Hoc|ARM.Deploy.0 = Release|Any CPU
		{D1266D0C-8E80-4D3F-8E4A-4101D3E61A12}.Ad-Hoc|iPhone.ActiveCfg = Release|Any CPU
		{D1266D0C-8E80-4D3F-8E4A-4101D3E61A12}.Ad-Hoc|iPhone.Build.0 = Release|Any CPU
		{D1266D0C-8E80-4D3F-8E4A-4101D3E61A12}.Ad-Hoc|iPhone.Deploy.0 = Release|Any CPU
		{D1266D0C-8E80-4D3F-8E4A-4101D3E61A12}.Ad-Hoc|iPhoneSimulator.ActiveCfg = Release|Any CPU
		{D1266D0C-8E80-4D3F-8E4A-4101D3E61A12}.Ad-Hoc|iPhoneSimulator.Build.0 = Release|Any CPU
		{D1266D0C-8E80-4D3F-8E4A-4101D3E61A12}.Ad-Hoc|iPhoneSimulator.Deploy.0 = Release|Any CPU
		{D1266D0C-8E80-4D3F-8E4A-4101D3E61A12}.Ad-Hoc|x64.ActiveCfg = Release|Any CPU
		{D1266D0C-8E80-4D3F-8E4A-4101D3E61A12}.Ad-Hoc|x64.Build.0 = Release|Any CPU
		{D1266D0C-8E80-4D3F-8E4A-4101D3E61A12}.Ad-Hoc|x64.Deploy.0 = Release|Any CPU
		{D1266D0C-8E80-4D3F-8E4A-4101D3E61A12}.Ad-Hoc|x86.ActiveCfg = Release|Any CPU
		{D1266D0C-8E80-4D3F-8E4A-4101D3E61A12}.Ad-Hoc|x86.Build.0 = Release|Any CPU
		{D1266D0C-8E80-4D3F-8E4A-4101D3E61A12}.Ad-Hoc|x86.Deploy.0 = Release|Any CPU
		{D1266D0C-8E80-4D3F-8E4A-4101D3E61A12}.AppStore|Any CPU.ActiveCfg = Release|Any CPU
		{D1266D0C-8E80-4D3F-8E4A-4101D3E61A12}.AppStore|Any CPU.Build.0 = Release|Any CPU
		{D1266D0C-8E80-4D3F-8E4A-4101D3E61A12}.AppStore|Any CPU.Deploy.0 = Release|Any CPU
		{D1266D0C-8E80-4D3F-8E4A-4101D3E61A12}.AppStore|ARM.ActiveCfg = Release|Any CPU
		{D1266D0C-8E80-4D3F-8E4A-4101D3E61A12}.AppStore|ARM.Build.0 = Release|Any CPU
		{D1266D0C-8E80-4D3F-8E4A-4101D3E61A12}.AppStore|ARM.Deploy.0 = Release|Any CPU
		{D1266D0C-8E80-4D3F-8E4A-4101D3E61A12}.AppStore|iPhone.ActiveCfg = Release|Any CPU
		{D1266D0C-8E80-4D3F-8E4A-4101D3E61A12}.AppStore|iPhone.Build.0 = Release|Any CPU
		{D1266D0C-8E80-4D3F-8E4A-4101D3E61A12}.AppStore|iPhone.Deploy.0 = Release|Any CPU
		{D1266D0C-8E80-4D3F-8E4A-4101D3E61A12}.AppStore|iPhoneSimulator.ActiveCfg = Release|Any CPU
		{D1266D0C-8E80-4D3F-8E4A-4101D3E61A12}.AppStore|iPhoneSimulator.Build.0 = Release|Any CPU
		{D1266D0C-8E80-4D3F-8E4A-4101D3E61A12}.AppStore|iPhoneSimulator.Deploy.0 = Release|Any CPU
		{D1266D0C-8E80-4D3F-8E4A-4101D3E61A12}.AppStore|x64.ActiveCfg = Release|Any CPU
		{D1266D0C-8E80-4D3F-8E4A-4101D3E61A12}.AppStore|x64.Build.0 = Release|Any CPU
		{D1266D0C-8E80-4D3F-8E4A-4101D3E61A12}.AppStore|x64.Deploy.0 = Release|Any CPU
		{D1266D0C-8E80-4D3F-8E4A-4101D3E61A12}.AppStore|x86.ActiveCfg = Release|Any CPU
		{D1266D0C-8E80-4D3F-8E4A-4101D3E61A12}.AppStore|x86.Build.0 = Release|Any CPU
		{D1266D0C-8E80-4D3F-8E4A-4101D3E61A12}.AppStore|x86.Deploy.0 = Release|Any CPU
		{D1266D0C-8E80-4D3F-8E4A-4101D3E61A12}.Debug|Any CPU.ActiveCfg = Debug|Any CPU
		{D1266D0C-8E80-4D3F-8E4A-4101D3E61A12}.Debug|Any CPU.Build.0 = Debug|Any CPU
		{D1266D0C-8E80-4D3F-8E4A-4101D3E61A12}.Debug|Any CPU.Deploy.0 = Debug|Any CPU
		{D1266D0C-8E80-4D3F-8E4A-4101D3E61A12}.Debug|ARM.ActiveCfg = Debug|Any CPU
		{D1266D0C-8E80-4D3F-8E4A-4101D3E61A12}.Debug|ARM.Build.0 = Debug|Any CPU
		{D1266D0C-8E80-4D3F-8E4A-4101D3E61A12}.Debug|ARM.Deploy.0 = Debug|Any CPU
		{D1266D0C-8E80-4D3F-8E4A-4101D3E61A12}.Debug|iPhone.ActiveCfg = Debug|Any CPU
		{D1266D0C-8E80-4D3F-8E4A-4101D3E61A12}.Debug|iPhone.Build.0 = Debug|Any CPU
		{D1266D0C-8E80-4D3F-8E4A-4101D3E61A12}.Debug|iPhone.Deploy.0 = Debug|Any CPU
		{D1266D0C-8E80-4D3F-8E4A-4101D3E61A12}.Debug|iPhoneSimulator.ActiveCfg = Debug|Any CPU
		{D1266D0C-8E80-4D3F-8E4A-4101D3E61A12}.Debug|iPhoneSimulator.Build.0 = Debug|Any CPU
		{D1266D0C-8E80-4D3F-8E4A-4101D3E61A12}.Debug|iPhoneSimulator.Deploy.0 = Debug|Any CPU
		{D1266D0C-8E80-4D3F-8E4A-4101D3E61A12}.Debug|x64.ActiveCfg = Debug|Any CPU
		{D1266D0C-8E80-4D3F-8E4A-4101D3E61A12}.Debug|x64.Build.0 = Debug|Any CPU
		{D1266D0C-8E80-4D3F-8E4A-4101D3E61A12}.Debug|x64.Deploy.0 = Debug|Any CPU
		{D1266D0C-8E80-4D3F-8E4A-4101D3E61A12}.Debug|x86.ActiveCfg = Debug|Any CPU
		{D1266D0C-8E80-4D3F-8E4A-4101D3E61A12}.Debug|x86.Build.0 = Debug|Any CPU
		{D1266D0C-8E80-4D3F-8E4A-4101D3E61A12}.Debug|x86.Deploy.0 = Debug|Any CPU
		{D1266D0C-8E80-4D3F-8E4A-4101D3E61A12}.Release|Any CPU.ActiveCfg = Release|Any CPU
		{D1266D0C-8E80-4D3F-8E4A-4101D3E61A12}.Release|Any CPU.Build.0 = Release|Any CPU
		{D1266D0C-8E80-4D3F-8E4A-4101D3E61A12}.Release|Any CPU.Deploy.0 = Release|Any CPU
		{D1266D0C-8E80-4D3F-8E4A-4101D3E61A12}.Release|ARM.ActiveCfg = Release|Any CPU
		{D1266D0C-8E80-4D3F-8E4A-4101D3E61A12}.Release|ARM.Build.0 = Release|Any CPU
		{D1266D0C-8E80-4D3F-8E4A-4101D3E61A12}.Release|ARM.Deploy.0 = Release|Any CPU
		{D1266D0C-8E80-4D3F-8E4A-4101D3E61A12}.Release|iPhone.ActiveCfg = Release|Any CPU
		{D1266D0C-8E80-4D3F-8E4A-4101D3E61A12}.Release|iPhone.Build.0 = Release|Any CPU
		{D1266D0C-8E80-4D3F-8E4A-4101D3E61A12}.Release|iPhone.Deploy.0 = Release|Any CPU
		{D1266D0C-8E80-4D3F-8E4A-4101D3E61A12}.Release|iPhoneSimulator.ActiveCfg = Release|Any CPU
		{D1266D0C-8E80-4D3F-8E4A-4101D3E61A12}.Release|iPhoneSimulator.Build.0 = Release|Any CPU
		{D1266D0C-8E80-4D3F-8E4A-4101D3E61A12}.Release|iPhoneSimulator.Deploy.0 = Release|Any CPU
		{D1266D0C-8E80-4D3F-8E4A-4101D3E61A12}.Release|x64.ActiveCfg = Release|Any CPU
		{D1266D0C-8E80-4D3F-8E4A-4101D3E61A12}.Release|x64.Build.0 = Release|Any CPU
		{D1266D0C-8E80-4D3F-8E4A-4101D3E61A12}.Release|x64.Deploy.0 = Release|Any CPU
		{D1266D0C-8E80-4D3F-8E4A-4101D3E61A12}.Release|x86.ActiveCfg = Release|Any CPU
		{D1266D0C-8E80-4D3F-8E4A-4101D3E61A12}.Release|x86.Build.0 = Release|Any CPU
		{D1266D0C-8E80-4D3F-8E4A-4101D3E61A12}.Release|x86.Deploy.0 = Release|Any CPU
		{BBA16F13-5CFE-4C4D-898C-3EBADE811563}.Ad-Hoc|Any CPU.ActiveCfg = Ad-Hoc|iPhone
		{BBA16F13-5CFE-4C4D-898C-3EBADE811563}.Ad-Hoc|Any CPU.Build.0 = Ad-Hoc|iPhone
		{BBA16F13-5CFE-4C4D-898C-3EBADE811563}.Ad-Hoc|Any CPU.Deploy.0 = Ad-Hoc|iPhone
		{BBA16F13-5CFE-4C4D-898C-3EBADE811563}.Ad-Hoc|ARM.ActiveCfg = Ad-Hoc|iPhone
		{BBA16F13-5CFE-4C4D-898C-3EBADE811563}.Ad-Hoc|ARM.Build.0 = Ad-Hoc|iPhone
		{BBA16F13-5CFE-4C4D-898C-3EBADE811563}.Ad-Hoc|ARM.Deploy.0 = Ad-Hoc|iPhone
		{BBA16F13-5CFE-4C4D-898C-3EBADE811563}.Ad-Hoc|iPhone.ActiveCfg = Ad-Hoc|iPhone
		{BBA16F13-5CFE-4C4D-898C-3EBADE811563}.Ad-Hoc|iPhone.Build.0 = Ad-Hoc|iPhone
		{BBA16F13-5CFE-4C4D-898C-3EBADE811563}.Ad-Hoc|iPhone.Deploy.0 = Ad-Hoc|iPhone
		{BBA16F13-5CFE-4C4D-898C-3EBADE811563}.Ad-Hoc|iPhoneSimulator.ActiveCfg = Ad-Hoc|iPhoneSimulator
		{BBA16F13-5CFE-4C4D-898C-3EBADE811563}.Ad-Hoc|iPhoneSimulator.Build.0 = Ad-Hoc|iPhoneSimulator
		{BBA16F13-5CFE-4C4D-898C-3EBADE811563}.Ad-Hoc|iPhoneSimulator.Deploy.0 = Ad-Hoc|iPhoneSimulator
		{BBA16F13-5CFE-4C4D-898C-3EBADE811563}.Ad-Hoc|x64.ActiveCfg = Ad-Hoc|iPhone
		{BBA16F13-5CFE-4C4D-898C-3EBADE811563}.Ad-Hoc|x64.Build.0 = Ad-Hoc|iPhone
		{BBA16F13-5CFE-4C4D-898C-3EBADE811563}.Ad-Hoc|x64.Deploy.0 = Ad-Hoc|iPhone
		{BBA16F13-5CFE-4C4D-898C-3EBADE811563}.Ad-Hoc|x86.ActiveCfg = Ad-Hoc|iPhone
		{BBA16F13-5CFE-4C4D-898C-3EBADE811563}.Ad-Hoc|x86.Build.0 = Ad-Hoc|iPhone
		{BBA16F13-5CFE-4C4D-898C-3EBADE811563}.Ad-Hoc|x86.Deploy.0 = Ad-Hoc|iPhone
		{BBA16F13-5CFE-4C4D-898C-3EBADE811563}.AppStore|Any CPU.ActiveCfg = AppStore|iPhone
		{BBA16F13-5CFE-4C4D-898C-3EBADE811563}.AppStore|Any CPU.Build.0 = AppStore|iPhone
		{BBA16F13-5CFE-4C4D-898C-3EBADE811563}.AppStore|Any CPU.Deploy.0 = AppStore|iPhone
		{BBA16F13-5CFE-4C4D-898C-3EBADE811563}.AppStore|ARM.ActiveCfg = AppStore|iPhone
		{BBA16F13-5CFE-4C4D-898C-3EBADE811563}.AppStore|ARM.Build.0 = AppStore|iPhone
		{BBA16F13-5CFE-4C4D-898C-3EBADE811563}.AppStore|ARM.Deploy.0 = AppStore|iPhone
		{BBA16F13-5CFE-4C4D-898C-3EBADE811563}.AppStore|iPhone.ActiveCfg = AppStore|iPhone
		{BBA16F13-5CFE-4C4D-898C-3EBADE811563}.AppStore|iPhone.Build.0 = AppStore|iPhone
		{BBA16F13-5CFE-4C4D-898C-3EBADE811563}.AppStore|iPhone.Deploy.0 = AppStore|iPhone
		{BBA16F13-5CFE-4C4D-898C-3EBADE811563}.AppStore|iPhoneSimulator.ActiveCfg = AppStore|iPhoneSimulator
		{BBA16F13-5CFE-4C4D-898C-3EBADE811563}.AppStore|iPhoneSimulator.Build.0 = AppStore|iPhoneSimulator
		{BBA16F13-5CFE-4C4D-898C-3EBADE811563}.AppStore|iPhoneSimulator.Deploy.0 = AppStore|iPhoneSimulator
		{BBA16F13-5CFE-4C4D-898C-3EBADE811563}.AppStore|x64.ActiveCfg = AppStore|iPhone
		{BBA16F13-5CFE-4C4D-898C-3EBADE811563}.AppStore|x64.Build.0 = AppStore|iPhone
		{BBA16F13-5CFE-4C4D-898C-3EBADE811563}.AppStore|x64.Deploy.0 = AppStore|iPhone
		{BBA16F13-5CFE-4C4D-898C-3EBADE811563}.AppStore|x86.ActiveCfg = AppStore|iPhone
		{BBA16F13-5CFE-4C4D-898C-3EBADE811563}.AppStore|x86.Build.0 = AppStore|iPhone
		{BBA16F13-5CFE-4C4D-898C-3EBADE811563}.AppStore|x86.Deploy.0 = AppStore|iPhone
		{BBA16F13-5CFE-4C4D-898C-3EBADE811563}.Debug|Any CPU.ActiveCfg = Debug|iPhoneSimulator
		{BBA16F13-5CFE-4C4D-898C-3EBADE811563}.Debug|Any CPU.Build.0 = Debug|iPhoneSimulator
		{BBA16F13-5CFE-4C4D-898C-3EBADE811563}.Debug|Any CPU.Deploy.0 = Debug|iPhoneSimulator
		{BBA16F13-5CFE-4C4D-898C-3EBADE811563}.Debug|ARM.ActiveCfg = Debug|iPhone
		{BBA16F13-5CFE-4C4D-898C-3EBADE811563}.Debug|ARM.Build.0 = Debug|iPhone
		{BBA16F13-5CFE-4C4D-898C-3EBADE811563}.Debug|ARM.Deploy.0 = Debug|iPhone
		{BBA16F13-5CFE-4C4D-898C-3EBADE811563}.Debug|iPhone.ActiveCfg = Debug|iPhone
		{BBA16F13-5CFE-4C4D-898C-3EBADE811563}.Debug|iPhone.Build.0 = Debug|iPhone
		{BBA16F13-5CFE-4C4D-898C-3EBADE811563}.Debug|iPhone.Deploy.0 = Debug|iPhone
		{BBA16F13-5CFE-4C4D-898C-3EBADE811563}.Debug|iPhoneSimulator.ActiveCfg = Debug|iPhoneSimulator
		{BBA16F13-5CFE-4C4D-898C-3EBADE811563}.Debug|iPhoneSimulator.Build.0 = Debug|iPhoneSimulator
		{BBA16F13-5CFE-4C4D-898C-3EBADE811563}.Debug|iPhoneSimulator.Deploy.0 = Debug|iPhoneSimulator
		{BBA16F13-5CFE-4C4D-898C-3EBADE811563}.Debug|x64.ActiveCfg = Debug|iPhone
		{BBA16F13-5CFE-4C4D-898C-3EBADE811563}.Debug|x64.Build.0 = Debug|iPhone
		{BBA16F13-5CFE-4C4D-898C-3EBADE811563}.Debug|x64.Deploy.0 = Debug|iPhone
		{BBA16F13-5CFE-4C4D-898C-3EBADE811563}.Debug|x86.ActiveCfg = Debug|iPhone
		{BBA16F13-5CFE-4C4D-898C-3EBADE811563}.Debug|x86.Build.0 = Debug|iPhone
		{BBA16F13-5CFE-4C4D-898C-3EBADE811563}.Debug|x86.Deploy.0 = Debug|iPhone
		{BBA16F13-5CFE-4C4D-898C-3EBADE811563}.Release|Any CPU.ActiveCfg = Release|iPhone
		{BBA16F13-5CFE-4C4D-898C-3EBADE811563}.Release|Any CPU.Build.0 = Release|iPhone
		{BBA16F13-5CFE-4C4D-898C-3EBADE811563}.Release|Any CPU.Deploy.0 = Release|iPhone
		{BBA16F13-5CFE-4C4D-898C-3EBADE811563}.Release|ARM.ActiveCfg = Release|iPhone
		{BBA16F13-5CFE-4C4D-898C-3EBADE811563}.Release|ARM.Build.0 = Release|iPhone
		{BBA16F13-5CFE-4C4D-898C-3EBADE811563}.Release|ARM.Deploy.0 = Release|iPhone
		{BBA16F13-5CFE-4C4D-898C-3EBADE811563}.Release|iPhone.ActiveCfg = Release|iPhone
		{BBA16F13-5CFE-4C4D-898C-3EBADE811563}.Release|iPhone.Build.0 = Release|iPhone
		{BBA16F13-5CFE-4C4D-898C-3EBADE811563}.Release|iPhone.Deploy.0 = Release|iPhone
		{BBA16F13-5CFE-4C4D-898C-3EBADE811563}.Release|iPhoneSimulator.ActiveCfg = Release|iPhoneSimulator
		{BBA16F13-5CFE-4C4D-898C-3EBADE811563}.Release|iPhoneSimulator.Build.0 = Release|iPhoneSimulator
		{BBA16F13-5CFE-4C4D-898C-3EBADE811563}.Release|iPhoneSimulator.Deploy.0 = Release|iPhoneSimulator
		{BBA16F13-5CFE-4C4D-898C-3EBADE811563}.Release|x64.ActiveCfg = Release|iPhone
		{BBA16F13-5CFE-4C4D-898C-3EBADE811563}.Release|x64.Build.0 = Release|iPhone
		{BBA16F13-5CFE-4C4D-898C-3EBADE811563}.Release|x64.Deploy.0 = Release|iPhone
		{BBA16F13-5CFE-4C4D-898C-3EBADE811563}.Release|x86.ActiveCfg = Release|iPhone
		{BBA16F13-5CFE-4C4D-898C-3EBADE811563}.Release|x86.Build.0 = Release|iPhone
		{BBA16F13-5CFE-4C4D-898C-3EBADE811563}.Release|x86.Deploy.0 = Release|iPhone
		{ED243980-DE56-4F3B-8A4F-F491B9CA2978}.Ad-Hoc|Any CPU.ActiveCfg = Release|x86
		{ED243980-DE56-4F3B-8A4F-F491B9CA2978}.Ad-Hoc|Any CPU.Build.0 = Release|x86
		{ED243980-DE56-4F3B-8A4F-F491B9CA2978}.Ad-Hoc|Any CPU.Deploy.0 = Release|x86
		{ED243980-DE56-4F3B-8A4F-F491B9CA2978}.Ad-Hoc|ARM.ActiveCfg = Release|ARM
		{ED243980-DE56-4F3B-8A4F-F491B9CA2978}.Ad-Hoc|ARM.Build.0 = Release|ARM
		{ED243980-DE56-4F3B-8A4F-F491B9CA2978}.Ad-Hoc|ARM.Deploy.0 = Release|ARM
		{ED243980-DE56-4F3B-8A4F-F491B9CA2978}.Ad-Hoc|iPhone.ActiveCfg = Release|x86
		{ED243980-DE56-4F3B-8A4F-F491B9CA2978}.Ad-Hoc|iPhone.Build.0 = Release|x86
		{ED243980-DE56-4F3B-8A4F-F491B9CA2978}.Ad-Hoc|iPhone.Deploy.0 = Release|x86
		{ED243980-DE56-4F3B-8A4F-F491B9CA2978}.Ad-Hoc|iPhoneSimulator.ActiveCfg = Release|x86
		{ED243980-DE56-4F3B-8A4F-F491B9CA2978}.Ad-Hoc|iPhoneSimulator.Build.0 = Release|x86
		{ED243980-DE56-4F3B-8A4F-F491B9CA2978}.Ad-Hoc|iPhoneSimulator.Deploy.0 = Release|x86
		{ED243980-DE56-4F3B-8A4F-F491B9CA2978}.Ad-Hoc|x64.ActiveCfg = Release|x64
		{ED243980-DE56-4F3B-8A4F-F491B9CA2978}.Ad-Hoc|x64.Build.0 = Release|x64
		{ED243980-DE56-4F3B-8A4F-F491B9CA2978}.Ad-Hoc|x64.Deploy.0 = Release|x64
		{ED243980-DE56-4F3B-8A4F-F491B9CA2978}.Ad-Hoc|x86.ActiveCfg = Release|x86
		{ED243980-DE56-4F3B-8A4F-F491B9CA2978}.Ad-Hoc|x86.Build.0 = Release|x86
		{ED243980-DE56-4F3B-8A4F-F491B9CA2978}.Ad-Hoc|x86.Deploy.0 = Release|x86
		{ED243980-DE56-4F3B-8A4F-F491B9CA2978}.AppStore|Any CPU.ActiveCfg = Release|x86
		{ED243980-DE56-4F3B-8A4F-F491B9CA2978}.AppStore|Any CPU.Build.0 = Release|x86
		{ED243980-DE56-4F3B-8A4F-F491B9CA2978}.AppStore|Any CPU.Deploy.0 = Release|x86
		{ED243980-DE56-4F3B-8A4F-F491B9CA2978}.AppStore|ARM.ActiveCfg = Release|ARM
		{ED243980-DE56-4F3B-8A4F-F491B9CA2978}.AppStore|ARM.Build.0 = Release|ARM
		{ED243980-DE56-4F3B-8A4F-F491B9CA2978}.AppStore|ARM.Deploy.0 = Release|ARM
		{ED243980-DE56-4F3B-8A4F-F491B9CA2978}.AppStore|iPhone.ActiveCfg = Release|x86
		{ED243980-DE56-4F3B-8A4F-F491B9CA2978}.AppStore|iPhone.Build.0 = Release|x86
		{ED243980-DE56-4F3B-8A4F-F491B9CA2978}.AppStore|iPhone.Deploy.0 = Release|x86
		{ED243980-DE56-4F3B-8A4F-F491B9CA2978}.AppStore|iPhoneSimulator.ActiveCfg = Release|x86
		{ED243980-DE56-4F3B-8A4F-F491B9CA2978}.AppStore|iPhoneSimulator.Build.0 = Release|x86
		{ED243980-DE56-4F3B-8A4F-F491B9CA2978}.AppStore|iPhoneSimulator.Deploy.0 = Release|x86
		{ED243980-DE56-4F3B-8A4F-F491B9CA2978}.AppStore|x64.ActiveCfg = Release|x64
		{ED243980-DE56-4F3B-8A4F-F491B9CA2978}.AppStore|x64.Build.0 = Release|x64
		{ED243980-DE56-4F3B-8A4F-F491B9CA2978}.AppStore|x64.Deploy.0 = Release|x64
		{ED243980-DE56-4F3B-8A4F-F491B9CA2978}.AppStore|x86.ActiveCfg = Release|x86
		{ED243980-DE56-4F3B-8A4F-F491B9CA2978}.AppStore|x86.Build.0 = Release|x86
		{ED243980-DE56-4F3B-8A4F-F491B9CA2978}.AppStore|x86.Deploy.0 = Release|x86
		{ED243980-DE56-4F3B-8A4F-F491B9CA2978}.Debug|Any CPU.ActiveCfg = Debug|x86
		{ED243980-DE56-4F3B-8A4F-F491B9CA2978}.Debug|Any CPU.Build.0 = Debug|x86
		{ED243980-DE56-4F3B-8A4F-F491B9CA2978}.Debug|Any CPU.Deploy.0 = Debug|x86
		{ED243980-DE56-4F3B-8A4F-F491B9CA2978}.Debug|ARM.ActiveCfg = Debug|ARM
		{ED243980-DE56-4F3B-8A4F-F491B9CA2978}.Debug|ARM.Build.0 = Debug|ARM
		{ED243980-DE56-4F3B-8A4F-F491B9CA2978}.Debug|ARM.Deploy.0 = Debug|ARM
		{ED243980-DE56-4F3B-8A4F-F491B9CA2978}.Debug|iPhone.ActiveCfg = Debug|x86
		{ED243980-DE56-4F3B-8A4F-F491B9CA2978}.Debug|iPhone.Build.0 = Debug|x86
		{ED243980-DE56-4F3B-8A4F-F491B9CA2978}.Debug|iPhone.Deploy.0 = Debug|x86
		{ED243980-DE56-4F3B-8A4F-F491B9CA2978}.Debug|iPhoneSimulator.ActiveCfg = Debug|x86
		{ED243980-DE56-4F3B-8A4F-F491B9CA2978}.Debug|iPhoneSimulator.Build.0 = Debug|x86
		{ED243980-DE56-4F3B-8A4F-F491B9CA2978}.Debug|iPhoneSimulator.Deploy.0 = Debug|x86
		{ED243980-DE56-4F3B-8A4F-F491B9CA2978}.Debug|x64.ActiveCfg = Debug|x64
		{ED243980-DE56-4F3B-8A4F-F491B9CA2978}.Debug|x64.Build.0 = Debug|x64
		{ED243980-DE56-4F3B-8A4F-F491B9CA2978}.Debug|x64.Deploy.0 = Debug|x64
		{ED243980-DE56-4F3B-8A4F-F491B9CA2978}.Debug|x86.ActiveCfg = Debug|x86
		{ED243980-DE56-4F3B-8A4F-F491B9CA2978}.Debug|x86.Build.0 = Debug|x86
		{ED243980-DE56-4F3B-8A4F-F491B9CA2978}.Debug|x86.Deploy.0 = Debug|x86
		{ED243980-DE56-4F3B-8A4F-F491B9CA2978}.Release|Any CPU.ActiveCfg = Release|x86
		{ED243980-DE56-4F3B-8A4F-F491B9CA2978}.Release|Any CPU.Build.0 = Release|x86
		{ED243980-DE56-4F3B-8A4F-F491B9CA2978}.Release|Any CPU.Deploy.0 = Release|x86
		{ED243980-DE56-4F3B-8A4F-F491B9CA2978}.Release|ARM.ActiveCfg = Release|ARM
		{ED243980-DE56-4F3B-8A4F-F491B9CA2978}.Release|ARM.Build.0 = Release|ARM
		{ED243980-DE56-4F3B-8A4F-F491B9CA2978}.Release|ARM.Deploy.0 = Release|ARM
		{ED243980-DE56-4F3B-8A4F-F491B9CA2978}.Release|iPhone.ActiveCfg = Release|x86
		{ED243980-DE56-4F3B-8A4F-F491B9CA2978}.Release|iPhone.Build.0 = Release|x86
		{ED243980-DE56-4F3B-8A4F-F491B9CA2978}.Release|iPhone.Deploy.0 = Release|x86
		{ED243980-DE56-4F3B-8A4F-F491B9CA2978}.Release|iPhoneSimulator.ActiveCfg = Release|x86
		{ED243980-DE56-4F3B-8A4F-F491B9CA2978}.Release|iPhoneSimulator.Build.0 = Release|x86
		{ED243980-DE56-4F3B-8A4F-F491B9CA2978}.Release|iPhoneSimulator.Deploy.0 = Release|x86
		{ED243980-DE56-4F3B-8A4F-F491B9CA2978}.Release|x64.ActiveCfg = Release|x64
		{ED243980-DE56-4F3B-8A4F-F491B9CA2978}.Release|x64.Build.0 = Release|x64
		{ED243980-DE56-4F3B-8A4F-F491B9CA2978}.Release|x64.Deploy.0 = Release|x64
		{ED243980-DE56-4F3B-8A4F-F491B9CA2978}.Release|x86.ActiveCfg = Release|x86
		{ED243980-DE56-4F3B-8A4F-F491B9CA2978}.Release|x86.Build.0 = Release|x86
		{ED243980-DE56-4F3B-8A4F-F491B9CA2978}.Release|x86.Deploy.0 = Release|x86
		{67F5A7D5-3E03-436A-919E-1EE9D577130D}.Ad-Hoc|Any CPU.ActiveCfg = Debug|Any CPU
		{67F5A7D5-3E03-436A-919E-1EE9D577130D}.Ad-Hoc|Any CPU.Build.0 = Debug|Any CPU
		{67F5A7D5-3E03-436A-919E-1EE9D577130D}.Ad-Hoc|Any CPU.Deploy.0 = Debug|Any CPU
		{67F5A7D5-3E03-436A-919E-1EE9D577130D}.Ad-Hoc|ARM.ActiveCfg = Debug|Any CPU
		{67F5A7D5-3E03-436A-919E-1EE9D577130D}.Ad-Hoc|ARM.Build.0 = Debug|Any CPU
		{67F5A7D5-3E03-436A-919E-1EE9D577130D}.Ad-Hoc|ARM.Deploy.0 = Debug|Any CPU
		{67F5A7D5-3E03-436A-919E-1EE9D577130D}.Ad-Hoc|iPhone.ActiveCfg = Debug|Any CPU
		{67F5A7D5-3E03-436A-919E-1EE9D577130D}.Ad-Hoc|iPhone.Build.0 = Debug|Any CPU
		{67F5A7D5-3E03-436A-919E-1EE9D577130D}.Ad-Hoc|iPhone.Deploy.0 = Debug|Any CPU
		{67F5A7D5-3E03-436A-919E-1EE9D577130D}.Ad-Hoc|iPhoneSimulator.ActiveCfg = Debug|Any CPU
		{67F5A7D5-3E03-436A-919E-1EE9D577130D}.Ad-Hoc|iPhoneSimulator.Build.0 = Debug|Any CPU
		{67F5A7D5-3E03-436A-919E-1EE9D577130D}.Ad-Hoc|iPhoneSimulator.Deploy.0 = Debug|Any CPU
		{67F5A7D5-3E03-436A-919E-1EE9D577130D}.Ad-Hoc|x64.ActiveCfg = Debug|Any CPU
		{67F5A7D5-3E03-436A-919E-1EE9D577130D}.Ad-Hoc|x64.Build.0 = Debug|Any CPU
		{67F5A7D5-3E03-436A-919E-1EE9D577130D}.Ad-Hoc|x64.Deploy.0 = Debug|Any CPU
		{67F5A7D5-3E03-436A-919E-1EE9D577130D}.Ad-Hoc|x86.ActiveCfg = Debug|Any CPU
		{67F5A7D5-3E03-436A-919E-1EE9D577130D}.Ad-Hoc|x86.Build.0 = Debug|Any CPU
		{67F5A7D5-3E03-436A-919E-1EE9D577130D}.Ad-Hoc|x86.Deploy.0 = Debug|Any CPU
		{67F5A7D5-3E03-436A-919E-1EE9D577130D}.AppStore|Any CPU.ActiveCfg = Debug|Any CPU
		{67F5A7D5-3E03-436A-919E-1EE9D577130D}.AppStore|Any CPU.Build.0 = Debug|Any CPU
		{67F5A7D5-3E03-436A-919E-1EE9D577130D}.AppStore|Any CPU.Deploy.0 = Debug|Any CPU
		{67F5A7D5-3E03-436A-919E-1EE9D577130D}.AppStore|ARM.ActiveCfg = Debug|Any CPU
		{67F5A7D5-3E03-436A-919E-1EE9D577130D}.AppStore|ARM.Build.0 = Debug|Any CPU
		{67F5A7D5-3E03-436A-919E-1EE9D577130D}.AppStore|ARM.Deploy.0 = Debug|Any CPU
		{67F5A7D5-3E03-436A-919E-1EE9D577130D}.AppStore|iPhone.ActiveCfg = Debug|Any CPU
		{67F5A7D5-3E03-436A-919E-1EE9D577130D}.AppStore|iPhone.Build.0 = Debug|Any CPU
		{67F5A7D5-3E03-436A-919E-1EE9D577130D}.AppStore|iPhone.Deploy.0 = Debug|Any CPU
		{67F5A7D5-3E03-436A-919E-1EE9D577130D}.AppStore|iPhoneSimulator.ActiveCfg = Debug|Any CPU
		{67F5A7D5-3E03-436A-919E-1EE9D577130D}.AppStore|iPhoneSimulator.Build.0 = Debug|Any CPU
		{67F5A7D5-3E03-436A-919E-1EE9D577130D}.AppStore|iPhoneSimulator.Deploy.0 = Debug|Any CPU
		{67F5A7D5-3E03-436A-919E-1EE9D577130D}.AppStore|x64.ActiveCfg = Debug|Any CPU
		{67F5A7D5-3E03-436A-919E-1EE9D577130D}.AppStore|x64.Build.0 = Debug|Any CPU
		{67F5A7D5-3E03-436A-919E-1EE9D577130D}.AppStore|x64.Deploy.0 = Debug|Any CPU
		{67F5A7D5-3E03-436A-919E-1EE9D577130D}.AppStore|x86.ActiveCfg = Debug|Any CPU
		{67F5A7D5-3E03-436A-919E-1EE9D577130D}.AppStore|x86.Build.0 = Debug|Any CPU
		{67F5A7D5-3E03-436A-919E-1EE9D577130D}.AppStore|x86.Deploy.0 = Debug|Any CPU
		{67F5A7D5-3E03-436A-919E-1EE9D577130D}.Debug|Any CPU.ActiveCfg = Debug|Any CPU
		{67F5A7D5-3E03-436A-919E-1EE9D577130D}.Debug|Any CPU.Build.0 = Debug|Any CPU
		{67F5A7D5-3E03-436A-919E-1EE9D577130D}.Debug|Any CPU.Deploy.0 = Debug|Any CPU
		{67F5A7D5-3E03-436A-919E-1EE9D577130D}.Debug|ARM.ActiveCfg = Debug|Any CPU
		{67F5A7D5-3E03-436A-919E-1EE9D577130D}.Debug|ARM.Build.0 = Debug|Any CPU
		{67F5A7D5-3E03-436A-919E-1EE9D577130D}.Debug|ARM.Deploy.0 = Debug|Any CPU
		{67F5A7D5-3E03-436A-919E-1EE9D577130D}.Debug|iPhone.ActiveCfg = Debug|Any CPU
		{67F5A7D5-3E03-436A-919E-1EE9D577130D}.Debug|iPhone.Build.0 = Debug|Any CPU
		{67F5A7D5-3E03-436A-919E-1EE9D577130D}.Debug|iPhone.Deploy.0 = Debug|Any CPU
		{67F5A7D5-3E03-436A-919E-1EE9D577130D}.Debug|iPhoneSimulator.ActiveCfg = Debug|Any CPU
		{67F5A7D5-3E03-436A-919E-1EE9D577130D}.Debug|iPhoneSimulator.Build.0 = Debug|Any CPU
		{67F5A7D5-3E03-436A-919E-1EE9D577130D}.Debug|iPhoneSimulator.Deploy.0 = Debug|Any CPU
		{67F5A7D5-3E03-436A-919E-1EE9D577130D}.Debug|x64.ActiveCfg = Debug|Any CPU
		{67F5A7D5-3E03-436A-919E-1EE9D577130D}.Debug|x64.Build.0 = Debug|Any CPU
		{67F5A7D5-3E03-436A-919E-1EE9D577130D}.Debug|x64.Deploy.0 = Debug|Any CPU
		{67F5A7D5-3E03-436A-919E-1EE9D577130D}.Debug|x86.ActiveCfg = Debug|Any CPU
		{67F5A7D5-3E03-436A-919E-1EE9D577130D}.Debug|x86.Build.0 = Debug|Any CPU
		{67F5A7D5-3E03-436A-919E-1EE9D577130D}.Debug|x86.Deploy.0 = Debug|Any CPU
		{67F5A7D5-3E03-436A-919E-1EE9D577130D}.Release|Any CPU.ActiveCfg = Release|Any CPU
		{67F5A7D5-3E03-436A-919E-1EE9D577130D}.Release|Any CPU.Build.0 = Release|Any CPU
		{67F5A7D5-3E03-436A-919E-1EE9D577130D}.Release|Any CPU.Deploy.0 = Release|Any CPU
		{67F5A7D5-3E03-436A-919E-1EE9D577130D}.Release|ARM.ActiveCfg = Release|Any CPU
		{67F5A7D5-3E03-436A-919E-1EE9D577130D}.Release|ARM.Build.0 = Release|Any CPU
		{67F5A7D5-3E03-436A-919E-1EE9D577130D}.Release|ARM.Deploy.0 = Release|Any CPU
		{67F5A7D5-3E03-436A-919E-1EE9D577130D}.Release|iPhone.ActiveCfg = Release|Any CPU
		{67F5A7D5-3E03-436A-919E-1EE9D577130D}.Release|iPhone.Build.0 = Release|Any CPU
		{67F5A7D5-3E03-436A-919E-1EE9D577130D}.Release|iPhone.Deploy.0 = Release|Any CPU
		{67F5A7D5-3E03-436A-919E-1EE9D577130D}.Release|iPhoneSimulator.ActiveCfg = Release|Any CPU
		{67F5A7D5-3E03-436A-919E-1EE9D577130D}.Release|iPhoneSimulator.Build.0 = Release|Any CPU
		{67F5A7D5-3E03-436A-919E-1EE9D577130D}.Release|iPhoneSimulator.Deploy.0 = Release|Any CPU
		{67F5A7D5-3E03-436A-919E-1EE9D577130D}.Release|x64.ActiveCfg = Release|Any CPU
		{67F5A7D5-3E03-436A-919E-1EE9D577130D}.Release|x64.Build.0 = Release|Any CPU
		{67F5A7D5-3E03-436A-919E-1EE9D577130D}.Release|x64.Deploy.0 = Release|Any CPU
		{67F5A7D5-3E03-436A-919E-1EE9D577130D}.Release|x86.ActiveCfg = Release|Any CPU
		{67F5A7D5-3E03-436A-919E-1EE9D577130D}.Release|x86.Build.0 = Release|Any CPU
		{67F5A7D5-3E03-436A-919E-1EE9D577130D}.Release|x86.Deploy.0 = Release|Any CPU
	EndGlobalSection
	GlobalSection(SolutionProperties) = preSolution
		HideSolutionNode = FALSE
	EndGlobalSection
	GlobalSection(ExtensibilityGlobals) = postSolution
		SolutionGuid = {3DD820E9-8FB0-4383-8DA5-F67B11DF8B0F}
	EndGlobalSection
EndGlobal
