
Microsoft Visual Studio Solution File, Format Version 12.00
# Visual Studio 15
VisualStudioVersion = 15.0.28307.1022
MinimumVisualStudioVersion = 10.0.40219.1
Project("{FAE04EC0-301F-11D3-BF4B-00C04F79EFBC}") = "Aplicativo01_LayoutXF.Android", "Aplicativo01_LayoutXF\Aplicativo01_LayoutXF.Android\Aplicativo01_LayoutXF.Android.csproj", "{46329036-718E-4D01-A70C-33B2A47D3A3E}"
EndProject
Project("{FAE04EC0-301F-11D3-BF4B-00C04F79EFBC}") = "Aplicativo01_LayoutXF.iOS", "Aplicativo01_LayoutXF\Aplicativo01_LayoutXF.iOS\Aplicativo01_LayoutXF.iOS.csproj", "{CCF6C616-AF7E-4FF6-979F-A5A33B7CF759}"
EndProject
Project("{FAE04EC0-301F-11D3-BF4B-00C04F79EFBC}") = "Aplicativo01_LayoutXF.UWP", "Aplicativo01_LayoutXF\Aplicativo01_LayoutXF.UWP\Aplicativo01_LayoutXF.UWP.csproj", "{27E4D5A3-E433-4106-AFFE-0E73E00D7A3B}"
EndProject
Project("{FAE04EC0-301F-11D3-BF4B-00C04F79EFBC}") = "Aplicativo01_LayoutXF", "Aplicativo01_LayoutXF\Aplicativo01_LayoutXF\Aplicativo01_LayoutXF.csproj", "{9237CC75-D8F1-4696-AD2F-440962CF4AAD}"
EndProject
Global
	GlobalSection(SolutionConfigurationPlatforms) = preSolution
		Ad-Hoc|Any CPU = Ad-Hoc|Any CPU
		Ad-Hoc|ARM = Ad-Hoc|ARM
		Ad-Hoc|iPhone = Ad-Hoc|iPhone
		Ad-Hoc|iPhoneSimulator = Ad-Hoc|iPhoneSimulator
		Ad-Hoc|x64 = Ad-Hoc|x64
		Ad-Hoc|x86 = Ad-Hoc|x86
		AppStore|Any CPU = AppStore|Any CPU
		AppStore|ARM = AppStore|ARM
		AppStore|iPhone = AppStore|iPhone
		AppStore|iPhoneSimulator = AppStore|iPhoneSimulator
		AppStore|x64 = AppStore|x64
		AppStore|x86 = AppStore|x86
		Debug|Any CPU = Debug|Any CPU
		Debug|ARM = Debug|ARM
		Debug|iPhone = Debug|iPhone
		Debug|iPhoneSimulator = Debug|iPhoneSimulator
		Debug|x64 = Debug|x64
		Debug|x86 = Debug|x86
		Release|Any CPU = Release|Any CPU
		Release|ARM = Release|ARM
		Release|iPhone = Release|iPhone
		Release|iPhoneSimulator = Release|iPhoneSimulator
		Release|x64 = Release|x64
		Release|x86 = Release|x86
	EndGlobalSection
	GlobalSection(ProjectConfigurationPlatforms) = postSolution
		{46329036-718E-4D01-A70C-33B2A47D3A3E}.Ad-Hoc|Any CPU.ActiveCfg = Release|Any CPU
		{46329036-718E-4D01-A70C-33B2A47D3A3E}.Ad-Hoc|Any CPU.Build.0 = Release|Any CPU
		{46329036-718E-4D01-A70C-33B2A47D3A3E}.Ad-Hoc|Any CPU.Deploy.0 = Release|Any CPU
		{46329036-718E-4D01-A70C-33B2A47D3A3E}.Ad-Hoc|ARM.ActiveCfg = Release|Any CPU
		{46329036-718E-4D01-A70C-33B2A47D3A3E}.Ad-Hoc|ARM.Build.0 = Release|Any CPU
		{46329036-718E-4D01-A70C-33B2A47D3A3E}.Ad-Hoc|ARM.Deploy.0 = Release|Any CPU
		{46329036-718E-4D01-A70C-33B2A47D3A3E}.Ad-Hoc|iPhone.ActiveCfg = Release|Any CPU
		{46329036-718E-4D01-A70C-33B2A47D3A3E}.Ad-Hoc|iPhone.Build.0 = Release|Any CPU
		{46329036-718E-4D01-A70C-33B2A47D3A3E}.Ad-Hoc|iPhone.Deploy.0 = Release|Any CPU
		{46329036-718E-4D01-A70C-33B2A47D3A3E}.Ad-Hoc|iPhoneSimulator.ActiveCfg = Release|Any CPU
		{46329036-718E-4D01-A70C-33B2A47D3A3E}.Ad-Hoc|iPhoneSimulator.Build.0 = Release|Any CPU
		{46329036-718E-4D01-A70C-33B2A47D3A3E}.Ad-Hoc|iPhoneSimulator.Deploy.0 = Release|Any CPU
		{46329036-718E-4D01-A70C-33B2A47D3A3E}.Ad-Hoc|x64.ActiveCfg = Release|Any CPU
		{46329036-718E-4D01-A70C-33B2A47D3A3E}.Ad-Hoc|x64.Build.0 = Release|Any CPU
		{46329036-718E-4D01-A70C-33B2A47D3A3E}.Ad-Hoc|x64.Deploy.0 = Release|Any CPU
		{46329036-718E-4D01-A70C-33B2A47D3A3E}.Ad-Hoc|x86.ActiveCfg = Release|Any CPU
		{46329036-718E-4D01-A70C-33B2A47D3A3E}.Ad-Hoc|x86.Build.0 = Release|Any CPU
		{46329036-718E-4D01-A70C-33B2A47D3A3E}.Ad-Hoc|x86.Deploy.0 = Release|Any CPU
		{46329036-718E-4D01-A70C-33B2A47D3A3E}.AppStore|Any CPU.ActiveCfg = Release|Any CPU
		{46329036-718E-4D01-A70C-33B2A47D3A3E}.AppStore|Any CPU.Build.0 = Release|Any CPU
		{46329036-718E-4D01-A70C-33B2A47D3A3E}.AppStore|Any CPU.Deploy.0 = Release|Any CPU
		{46329036-718E-4D01-A70C-33B2A47D3A3E}.AppStore|ARM.ActiveCfg = Release|Any CPU
		{46329036-718E-4D01-A70C-33B2A47D3A3E}.AppStore|ARM.Build.0 = Release|Any CPU
		{46329036-718E-4D01-A70C-33B2A47D3A3E}.AppStore|ARM.Deploy.0 = Release|Any CPU
		{46329036-718E-4D01-A70C-33B2A47D3A3E}.AppStore|iPhone.ActiveCfg = Release|Any CPU
		{46329036-718E-4D01-A70C-33B2A47D3A3E}.AppStore|iPhone.Build.0 = Release|Any CPU
		{46329036-718E-4D01-A70C-33B2A47D3A3E}.AppStore|iPhone.Deploy.0 = Release|Any CPU
		{46329036-718E-4D01-A70C-33B2A47D3A3E}.AppStore|iPhoneSimulator.ActiveCfg = Release|Any CPU
		{46329036-718E-4D01-A70C-33B2A47D3A3E}.AppStore|iPhoneSimulator.Build.0 = Release|Any CPU
		{46329036-718E-4D01-A70C-33B2A47D3A3E}.AppStore|iPhoneSimulator.Deploy.0 = Release|Any CPU
		{46329036-718E-4D01-A70C-33B2A47D3A3E}.AppStore|x64.ActiveCfg = Release|Any CPU
		{46329036-718E-4D01-A70C-33B2A47D3A3E}.AppStore|x64.Build.0 = Release|Any CPU
		{46329036-718E-4D01-A70C-33B2A47D3A3E}.AppStore|x64.Deploy.0 = Release|Any CPU
		{46329036-718E-4D01-A70C-33B2A47D3A3E}.AppStore|x86.ActiveCfg = Release|Any CPU
		{46329036-718E-4D01-A70C-33B2A47D3A3E}.AppStore|x86.Build.0 = Release|Any CPU
		{46329036-718E-4D01-A70C-33B2A47D3A3E}.AppStore|x86.Deploy.0 = Release|Any CPU
		{46329036-718E-4D01-A70C-33B2A47D3A3E}.Debug|Any CPU.ActiveCfg = Debug|Any CPU
		{46329036-718E-4D01-A70C-33B2A47D3A3E}.Debug|Any CPU.Build.0 = Debug|Any CPU
		{46329036-718E-4D01-A70C-33B2A47D3A3E}.Debug|Any CPU.Deploy.0 = Debug|Any CPU
		{46329036-718E-4D01-A70C-33B2A47D3A3E}.Debug|ARM.ActiveCfg = Debug|Any CPU
		{46329036-718E-4D01-A70C-33B2A47D3A3E}.Debug|ARM.Build.0 = Debug|Any CPU
		{46329036-718E-4D01-A70C-33B2A47D3A3E}.Debug|ARM.Deploy.0 = Debug|Any CPU
		{46329036-718E-4D01-A70C-33B2A47D3A3E}.Debug|iPhone.ActiveCfg = Debug|Any CPU
		{46329036-718E-4D01-A70C-33B2A47D3A3E}.Debug|iPhone.Build.0 = Debug|Any CPU
		{46329036-718E-4D01-A70C-33B2A47D3A3E}.Debug|iPhone.Deploy.0 = Debug|Any CPU
		{46329036-718E-4D01-A70C-33B2A47D3A3E}.Debug|iPhoneSimulator.ActiveCfg = Debug|Any CPU
		{46329036-718E-4D01-A70C-33B2A47D3A3E}.Debug|iPhoneSimulator.Build.0 = Debug|Any CPU
		{46329036-718E-4D01-A70C-33B2A47D3A3E}.Debug|iPhoneSimulator.Deploy.0 = Debug|Any CPU
		{46329036-718E-4D01-A70C-33B2A47D3A3E}.Debug|x64.ActiveCfg = Debug|Any CPU
		{46329036-718E-4D01-A70C-33B2A47D3A3E}.Debug|x64.Build.0 = Debug|Any CPU
		{46329036-718E-4D01-A70C-33B2A47D3A3E}.Debug|x64.Deploy.0 = Debug|Any CPU
		{46329036-718E-4D01-A70C-33B2A47D3A3E}.Debug|x86.ActiveCfg = Debug|Any CPU
		{46329036-718E-4D01-A70C-33B2A47D3A3E}.Debug|x86.Build.0 = Debug|Any CPU
		{46329036-718E-4D01-A70C-33B2A47D3A3E}.Debug|x86.Deploy.0 = Debug|Any CPU
		{46329036-718E-4D01-A70C-33B2A47D3A3E}.Release|Any CPU.ActiveCfg = Release|Any CPU
		{46329036-718E-4D01-A70C-33B2A47D3A3E}.Release|Any CPU.Build.0 = Release|Any CPU
		{46329036-718E-4D01-A70C-33B2A47D3A3E}.Release|Any CPU.Deploy.0 = Release|Any CPU
		{46329036-718E-4D01-A70C-33B2A47D3A3E}.Release|ARM.ActiveCfg = Release|Any CPU
		{46329036-718E-4D01-A70C-33B2A47D3A3E}.Release|ARM.Build.0 = Release|Any CPU
		{46329036-718E-4D01-A70C-33B2A47D3A3E}.Release|ARM.Deploy.0 = Release|Any CPU
		{46329036-718E-4D01-A70C-33B2A47D3A3E}.Release|iPhone.ActiveCfg = Release|Any CPU
		{46329036-718E-4D01-A70C-33B2A47D3A3E}.Release|iPhone.Build.0 = Release|Any CPU
		{46329036-718E-4D01-A70C-33B2A47D3A3E}.Release|iPhone.Deploy.0 = Release|Any CPU
		{46329036-718E-4D01-A70C-33B2A47D3A3E}.Release|iPhoneSimulator.ActiveCfg = Release|Any CPU
		{46329036-718E-4D01-A70C-33B2A47D3A3E}.Release|iPhoneSimulator.Build.0 = Release|Any CPU
		{46329036-718E-4D01-A70C-33B2A47D3A3E}.Release|iPhoneSimulator.Deploy.0 = Release|Any CPU
		{46329036-718E-4D01-A70C-33B2A47D3A3E}.Release|x64.ActiveCfg = Release|Any CPU
		{46329036-718E-4D01-A70C-33B2A47D3A3E}.Release|x64.Build.0 = Release|Any CPU
		{46329036-718E-4D01-A70C-33B2A47D3A3E}.Release|x64.Deploy.0 = Release|Any CPU
		{46329036-718E-4D01-A70C-33B2A47D3A3E}.Release|x86.ActiveCfg = Release|Any CPU
		{46329036-718E-4D01-A70C-33B2A47D3A3E}.Release|x86.Build.0 = Release|Any CPU
		{46329036-718E-4D01-A70C-33B2A47D3A3E}.Release|x86.Deploy.0 = Release|Any CPU
		{CCF6C616-AF7E-4FF6-979F-A5A33B7CF759}.Ad-Hoc|Any CPU.ActiveCfg = Ad-Hoc|iPhone
		{CCF6C616-AF7E-4FF6-979F-A5A33B7CF759}.Ad-Hoc|Any CPU.Build.0 = Ad-Hoc|iPhone
		{CCF6C616-AF7E-4FF6-979F-A5A33B7CF759}.Ad-Hoc|Any CPU.Deploy.0 = Ad-Hoc|iPhone
		{CCF6C616-AF7E-4FF6-979F-A5A33B7CF759}.Ad-Hoc|ARM.ActiveCfg = Ad-Hoc|iPhone
		{CCF6C616-AF7E-4FF6-979F-A5A33B7CF759}.Ad-Hoc|ARM.Build.0 = Ad-Hoc|iPhone
		{CCF6C616-AF7E-4FF6-979F-A5A33B7CF759}.Ad-Hoc|ARM.Deploy.0 = Ad-Hoc|iPhone
		{CCF6C616-AF7E-4FF6-979F-A5A33B7CF759}.Ad-Hoc|iPhone.ActiveCfg = Ad-Hoc|iPhone
		{CCF6C616-AF7E-4FF6-979F-A5A33B7CF759}.Ad-Hoc|iPhone.Build.0 = Ad-Hoc|iPhone
		{CCF6C616-AF7E-4FF6-979F-A5A33B7CF759}.Ad-Hoc|iPhone.Deploy.0 = Ad-Hoc|iPhone
		{CCF6C616-AF7E-4FF6-979F-A5A33B7CF759}.Ad-Hoc|iPhoneSimulator.ActiveCfg = Ad-Hoc|iPhoneSimulator
		{CCF6C616-AF7E-4FF6-979F-A5A33B7CF759}.Ad-Hoc|iPhoneSimulator.Build.0 = Ad-Hoc|iPhoneSimulator
		{CCF6C616-AF7E-4FF6-979F-A5A33B7CF759}.Ad-Hoc|iPhoneSimulator.Deploy.0 = Ad-Hoc|iPhoneSimulator
		{CCF6C616-AF7E-4FF6-979F-A5A33B7CF759}.Ad-Hoc|x64.ActiveCfg = Ad-Hoc|iPhone
		{CCF6C616-AF7E-4FF6-979F-A5A33B7CF759}.Ad-Hoc|x64.Build.0 = Ad-Hoc|iPhone
		{CCF6C616-AF7E-4FF6-979F-A5A33B7CF759}.Ad-Hoc|x64.Deploy.0 = Ad-Hoc|iPhone
		{CCF6C616-AF7E-4FF6-979F-A5A33B7CF759}.Ad-Hoc|x86.ActiveCfg = Ad-Hoc|iPhone
		{CCF6C616-AF7E-4FF6-979F-A5A33B7CF759}.Ad-Hoc|x86.Build.0 = Ad-Hoc|iPhone
		{CCF6C616-AF7E-4FF6-979F-A5A33B7CF759}.Ad-Hoc|x86.Deploy.0 = Ad-Hoc|iPhone
		{CCF6C616-AF7E-4FF6-979F-A5A33B7CF759}.AppStore|Any CPU.ActiveCfg = AppStore|iPhone
		{CCF6C616-AF7E-4FF6-979F-A5A33B7CF759}.AppStore|Any CPU.Build.0 = AppStore|iPhone
		{CCF6C616-AF7E-4FF6-979F-A5A33B7CF759}.AppStore|Any CPU.Deploy.0 = AppStore|iPhone
		{CCF6C616-AF7E-4FF6-979F-A5A33B7CF759}.AppStore|ARM.ActiveCfg = AppStore|iPhone
		{CCF6C616-AF7E-4FF6-979F-A5A33B7CF759}.AppStore|ARM.Build.0 = AppStore|iPhone
		{CCF6C616-AF7E-4FF6-979F-A5A33B7CF759}.AppStore|ARM.Deploy.0 = AppStore|iPhone
		{CCF6C616-AF7E-4FF6-979F-A5A33B7CF759}.AppStore|iPhone.ActiveCfg = AppStore|iPhone
		{CCF6C616-AF7E-4FF6-979F-A5A33B7CF759}.AppStore|iPhone.Build.0 = AppStore|iPhone
		{CCF6C616-AF7E-4FF6-979F-A5A33B7CF759}.AppStore|iPhone.Deploy.0 = AppStore|iPhone
		{CCF6C616-AF7E-4FF6-979F-A5A33B7CF759}.AppStore|iPhoneSimulator.ActiveCfg = AppStore|iPhoneSimulator
		{CCF6C616-AF7E-4FF6-979F-A5A33B7CF759}.AppStore|iPhoneSimulator.Build.0 = AppStore|iPhoneSimulator
		{CCF6C616-AF7E-4FF6-979F-A5A33B7CF759}.AppStore|iPhoneSimulator.Deploy.0 = AppStore|iPhoneSimulator
		{CCF6C616-AF7E-4FF6-979F-A5A33B7CF759}.AppStore|x64.ActiveCfg = AppStore|iPhone
		{CCF6C616-AF7E-4FF6-979F-A5A33B7CF759}.AppStore|x64.Build.0 = AppStore|iPhone
		{CCF6C616-AF7E-4FF6-979F-A5A33B7CF759}.AppStore|x64.Deploy.0 = AppStore|iPhone
		{CCF6C616-AF7E-4FF6-979F-A5A33B7CF759}.AppStore|x86.ActiveCfg = AppStore|iPhone
		{CCF6C616-AF7E-4FF6-979F-A5A33B7CF759}.AppStore|x86.Build.0 = AppStore|iPhone
		{CCF6C616-AF7E-4FF6-979F-A5A33B7CF759}.AppStore|x86.Deploy.0 = AppStore|iPhone
		{CCF6C616-AF7E-4FF6-979F-A5A33B7CF759}.Debug|Any CPU.ActiveCfg = Debug|iPhoneSimulator
		{CCF6C616-AF7E-4FF6-979F-A5A33B7CF759}.Debug|Any CPU.Build.0 = Debug|iPhoneSimulator
		{CCF6C616-AF7E-4FF6-979F-A5A33B7CF759}.Debug|Any CPU.Deploy.0 = Debug|iPhoneSimulator
		{CCF6C616-AF7E-4FF6-979F-A5A33B7CF759}.Debug|ARM.ActiveCfg = Debug|iPhone
		{CCF6C616-AF7E-4FF6-979F-A5A33B7CF759}.Debug|ARM.Build.0 = Debug|iPhone
		{CCF6C616-AF7E-4FF6-979F-A5A33B7CF759}.Debug|ARM.Deploy.0 = Debug|iPhone
		{CCF6C616-AF7E-4FF6-979F-A5A33B7CF759}.Debug|iPhone.ActiveCfg = Debug|iPhone
		{CCF6C616-AF7E-4FF6-979F-A5A33B7CF759}.Debug|iPhone.Build.0 = Debug|iPhone
		{CCF6C616-AF7E-4FF6-979F-A5A33B7CF759}.Debug|iPhone.Deploy.0 = Debug|iPhone
		{CCF6C616-AF7E-4FF6-979F-A5A33B7CF759}.Debug|iPhoneSimulator.ActiveCfg = Debug|iPhoneSimulator
		{CCF6C616-AF7E-4FF6-979F-A5A33B7CF759}.Debug|iPhoneSimulator.Build.0 = Debug|iPhoneSimulator
		{CCF6C616-AF7E-4FF6-979F-A5A33B7CF759}.Debug|iPhoneSimulator.Deploy.0 = Debug|iPhoneSimulator
		{CCF6C616-AF7E-4FF6-979F-A5A33B7CF759}.Debug|x64.ActiveCfg = Debug|iPhone
		{CCF6C616-AF7E-4FF6-979F-A5A33B7CF759}.Debug|x64.Build.0 = Debug|iPhone
		{CCF6C616-AF7E-4FF6-979F-A5A33B7CF759}.Debug|x64.Deploy.0 = Debug|iPhone
		{CCF6C616-AF7E-4FF6-979F-A5A33B7CF759}.Debug|x86.ActiveCfg = Debug|iPhone
		{CCF6C616-AF7E-4FF6-979F-A5A33B7CF759}.Debug|x86.Build.0 = Debug|iPhone
		{CCF6C616-AF7E-4FF6-979F-A5A33B7CF759}.Debug|x86.Deploy.0 = Debug|iPhone
		{CCF6C616-AF7E-4FF6-979F-A5A33B7CF759}.Release|Any CPU.ActiveCfg = Release|iPhone
		{CCF6C616-AF7E-4FF6-979F-A5A33B7CF759}.Release|Any CPU.Build.0 = Release|iPhone
		{CCF6C616-AF7E-4FF6-979F-A5A33B7CF759}.Release|Any CPU.Deploy.0 = Release|iPhone
		{CCF6C616-AF7E-4FF6-979F-A5A33B7CF759}.Release|ARM.ActiveCfg = Release|iPhone
		{CCF6C616-AF7E-4FF6-979F-A5A33B7CF759}.Release|ARM.Build.0 = Release|iPhone
		{CCF6C616-AF7E-4FF6-979F-A5A33B7CF759}.Release|ARM.Deploy.0 = Release|iPhone
		{CCF6C616-AF7E-4FF6-979F-A5A33B7CF759}.Release|iPhone.ActiveCfg = Release|iPhone
		{CCF6C616-AF7E-4FF6-979F-A5A33B7CF759}.Release|iPhone.Build.0 = Release|iPhone
		{CCF6C616-AF7E-4FF6-979F-A5A33B7CF759}.Release|iPhone.Deploy.0 = Release|iPhone
		{CCF6C616-AF7E-4FF6-979F-A5A33B7CF759}.Release|iPhoneSimulator.ActiveCfg = Release|iPhoneSimulator
		{CCF6C616-AF7E-4FF6-979F-A5A33B7CF759}.Release|iPhoneSimulator.Build.0 = Release|iPhoneSimulator
		{CCF6C616-AF7E-4FF6-979F-A5A33B7CF759}.Release|iPhoneSimulator.Deploy.0 = Release|iPhoneSimulator
		{CCF6C616-AF7E-4FF6-979F-A5A33B7CF759}.Release|x64.ActiveCfg = Release|iPhone
		{CCF6C616-AF7E-4FF6-979F-A5A33B7CF759}.Release|x64.Build.0 = Release|iPhone
		{CCF6C616-AF7E-4FF6-979F-A5A33B7CF759}.Release|x64.Deploy.0 = Release|iPhone
		{CCF6C616-AF7E-4FF6-979F-A5A33B7CF759}.Release|x86.ActiveCfg = Release|iPhone
		{CCF6C616-AF7E-4FF6-979F-A5A33B7CF759}.Release|x86.Build.0 = Release|iPhone
		{CCF6C616-AF7E-4FF6-979F-A5A33B7CF759}.Release|x86.Deploy.0 = Release|iPhone
		{27E4D5A3-E433-4106-AFFE-0E73E00D7A3B}.Ad-Hoc|Any CPU.ActiveCfg = Release|x86
		{27E4D5A3-E433-4106-AFFE-0E73E00D7A3B}.Ad-Hoc|Any CPU.Build.0 = Release|x86
		{27E4D5A3-E433-4106-AFFE-0E73E00D7A3B}.Ad-Hoc|Any CPU.Deploy.0 = Release|x86
		{27E4D5A3-E433-4106-AFFE-0E73E00D7A3B}.Ad-Hoc|ARM.ActiveCfg = Release|ARM
		{27E4D5A3-E433-4106-AFFE-0E73E00D7A3B}.Ad-Hoc|ARM.Build.0 = Release|ARM
		{27E4D5A3-E433-4106-AFFE-0E73E00D7A3B}.Ad-Hoc|ARM.Deploy.0 = Release|ARM
		{27E4D5A3-E433-4106-AFFE-0E73E00D7A3B}.Ad-Hoc|iPhone.ActiveCfg = Release|x86
		{27E4D5A3-E433-4106-AFFE-0E73E00D7A3B}.Ad-Hoc|iPhone.Build.0 = Release|x86
		{27E4D5A3-E433-4106-AFFE-0E73E00D7A3B}.Ad-Hoc|iPhone.Deploy.0 = Release|x86
		{27E4D5A3-E433-4106-AFFE-0E73E00D7A3B}.Ad-Hoc|iPhoneSimulator.ActiveCfg = Release|x86
		{27E4D5A3-E433-4106-AFFE-0E73E00D7A3B}.Ad-Hoc|iPhoneSimulator.Build.0 = Release|x86
		{27E4D5A3-E433-4106-AFFE-0E73E00D7A3B}.Ad-Hoc|iPhoneSimulator.Deploy.0 = Release|x86
		{27E4D5A3-E433-4106-AFFE-0E73E00D7A3B}.Ad-Hoc|x64.ActiveCfg = Release|x64
		{27E4D5A3-E433-4106-AFFE-0E73E00D7A3B}.Ad-Hoc|x64.Build.0 = Release|x64
		{27E4D5A3-E433-4106-AFFE-0E73E00D7A3B}.Ad-Hoc|x64.Deploy.0 = Release|x64
		{27E4D5A3-E433-4106-AFFE-0E73E00D7A3B}.Ad-Hoc|x86.ActiveCfg = Release|x86
		{27E4D5A3-E433-4106-AFFE-0E73E00D7A3B}.Ad-Hoc|x86.Build.0 = Release|x86
		{27E4D5A3-E433-4106-AFFE-0E73E00D7A3B}.Ad-Hoc|x86.Deploy.0 = Release|x86
		{27E4D5A3-E433-4106-AFFE-0E73E00D7A3B}.AppStore|Any CPU.ActiveCfg = Release|x86
		{27E4D5A3-E433-4106-AFFE-0E73E00D7A3B}.AppStore|Any CPU.Build.0 = Release|x86
		{27E4D5A3-E433-4106-AFFE-0E73E00D7A3B}.AppStore|Any CPU.Deploy.0 = Release|x86
		{27E4D5A3-E433-4106-AFFE-0E73E00D7A3B}.AppStore|ARM.ActiveCfg = Release|ARM
		{27E4D5A3-E433-4106-AFFE-0E73E00D7A3B}.AppStore|ARM.Build.0 = Release|ARM
		{27E4D5A3-E433-4106-AFFE-0E73E00D7A3B}.AppStore|ARM.Deploy.0 = Release|ARM
		{27E4D5A3-E433-4106-AFFE-0E73E00D7A3B}.AppStore|iPhone.ActiveCfg = Release|x86
		{27E4D5A3-E433-4106-AFFE-0E73E00D7A3B}.AppStore|iPhone.Build.0 = Release|x86
		{27E4D5A3-E433-4106-AFFE-0E73E00D7A3B}.AppStore|iPhone.Deploy.0 = Release|x86
		{27E4D5A3-E433-4106-AFFE-0E73E00D7A3B}.AppStore|iPhoneSimulator.ActiveCfg = Release|x86
		{27E4D5A3-E433-4106-AFFE-0E73E00D7A3B}.AppStore|iPhoneSimulator.Build.0 = Release|x86
		{27E4D5A3-E433-4106-AFFE-0E73E00D7A3B}.AppStore|iPhoneSimulator.Deploy.0 = Release|x86
		{27E4D5A3-E433-4106-AFFE-0E73E00D7A3B}.AppStore|x64.ActiveCfg = Release|x64
		{27E4D5A3-E433-4106-AFFE-0E73E00D7A3B}.AppStore|x64.Build.0 = Release|x64
		{27E4D5A3-E433-4106-AFFE-0E73E00D7A3B}.AppStore|x64.Deploy.0 = Release|x64
		{27E4D5A3-E433-4106-AFFE-0E73E00D7A3B}.AppStore|x86.ActiveCfg = Release|x86
		{27E4D5A3-E433-4106-AFFE-0E73E00D7A3B}.AppStore|x86.Build.0 = Release|x86
		{27E4D5A3-E433-4106-AFFE-0E73E00D7A3B}.AppStore|x86.Deploy.0 = Release|x86
		{27E4D5A3-E433-4106-AFFE-0E73E00D7A3B}.Debug|Any CPU.ActiveCfg = Debug|x86
		{27E4D5A3-E433-4106-AFFE-0E73E00D7A3B}.Debug|Any CPU.Build.0 = Debug|x86
		{27E4D5A3-E433-4106-AFFE-0E73E00D7A3B}.Debug|Any CPU.Deploy.0 = Debug|x86
		{27E4D5A3-E433-4106-AFFE-0E73E00D7A3B}.Debug|ARM.ActiveCfg = Debug|ARM
		{27E4D5A3-E433-4106-AFFE-0E73E00D7A3B}.Debug|ARM.Build.0 = Debug|ARM
		{27E4D5A3-E433-4106-AFFE-0E73E00D7A3B}.Debug|ARM.Deploy.0 = Debug|ARM
		{27E4D5A3-E433-4106-AFFE-0E73E00D7A3B}.Debug|iPhone.ActiveCfg = Debug|x86
		{27E4D5A3-E433-4106-AFFE-0E73E00D7A3B}.Debug|iPhone.Build.0 = Debug|x86
		{27E4D5A3-E433-4106-AFFE-0E73E00D7A3B}.Debug|iPhone.Deploy.0 = Debug|x86
		{27E4D5A3-E433-4106-AFFE-0E73E00D7A3B}.Debug|iPhoneSimulator.ActiveCfg = Debug|x86
		{27E4D5A3-E433-4106-AFFE-0E73E00D7A3B}.Debug|iPhoneSimulator.Build.0 = Debug|x86
		{27E4D5A3-E433-4106-AFFE-0E73E00D7A3B}.Debug|iPhoneSimulator.Deploy.0 = Debug|x86
		{27E4D5A3-E433-4106-AFFE-0E73E00D7A3B}.Debug|x64.ActiveCfg = Debug|x64
		{27E4D5A3-E433-4106-AFFE-0E73E00D7A3B}.Debug|x64.Build.0 = Debug|x64
		{27E4D5A3-E433-4106-AFFE-0E73E00D7A3B}.Debug|x64.Deploy.0 = Debug|x64
		{27E4D5A3-E433-4106-AFFE-0E73E00D7A3B}.Debug|x86.ActiveCfg = Debug|x86
		{27E4D5A3-E433-4106-AFFE-0E73E00D7A3B}.Debug|x86.Build.0 = Debug|x86
		{27E4D5A3-E433-4106-AFFE-0E73E00D7A3B}.Debug|x86.Deploy.0 = Debug|x86
		{27E4D5A3-E433-4106-AFFE-0E73E00D7A3B}.Release|Any CPU.ActiveCfg = Release|x86
		{27E4D5A3-E433-4106-AFFE-0E73E00D7A3B}.Release|Any CPU.Build.0 = Release|x86
		{27E4D5A3-E433-4106-AFFE-0E73E00D7A3B}.Release|Any CPU.Deploy.0 = Release|x86
		{27E4D5A3-E433-4106-AFFE-0E73E00D7A3B}.Release|ARM.ActiveCfg = Release|ARM
		{27E4D5A3-E433-4106-AFFE-0E73E00D7A3B}.Release|ARM.Build.0 = Release|ARM
		{27E4D5A3-E433-4106-AFFE-0E73E00D7A3B}.Release|ARM.Deploy.0 = Release|ARM
		{27E4D5A3-E433-4106-AFFE-0E73E00D7A3B}.Release|iPhone.ActiveCfg = Release|x86
		{27E4D5A3-E433-4106-AFFE-0E73E00D7A3B}.Release|iPhone.Build.0 = Release|x86
		{27E4D5A3-E433-4106-AFFE-0E73E00D7A3B}.Release|iPhone.Deploy.0 = Release|x86
		{27E4D5A3-E433-4106-AFFE-0E73E00D7A3B}.Release|iPhoneSimulator.ActiveCfg = Release|x86
		{27E4D5A3-E433-4106-AFFE-0E73E00D7A3B}.Release|iPhoneSimulator.Build.0 = Release|x86
		{27E4D5A3-E433-4106-AFFE-0E73E00D7A3B}.Release|iPhoneSimulator.Deploy.0 = Release|x86
		{27E4D5A3-E433-4106-AFFE-0E73E00D7A3B}.Release|x64.ActiveCfg = Release|x64
		{27E4D5A3-E433-4106-AFFE-0E73E00D7A3B}.Release|x64.Build.0 = Release|x64
		{27E4D5A3-E433-4106-AFFE-0E73E00D7A3B}.Release|x64.Deploy.0 = Release|x64
		{27E4D5A3-E433-4106-AFFE-0E73E00D7A3B}.Release|x86.ActiveCfg = Release|x86
		{27E4D5A3-E433-4106-AFFE-0E73E00D7A3B}.Release|x86.Build.0 = Release|x86
		{27E4D5A3-E433-4106-AFFE-0E73E00D7A3B}.Release|x86.Deploy.0 = Release|x86
		{9237CC75-D8F1-4696-AD2F-440962CF4AAD}.Ad-Hoc|Any CPU.ActiveCfg = Debug|Any CPU
		{9237CC75-D8F1-4696-AD2F-440962CF4AAD}.Ad-Hoc|Any CPU.Build.0 = Debug|Any CPU
		{9237CC75-D8F1-4696-AD2F-440962CF4AAD}.Ad-Hoc|Any CPU.Deploy.0 = Debug|Any CPU
		{9237CC75-D8F1-4696-AD2F-440962CF4AAD}.Ad-Hoc|ARM.ActiveCfg = Debug|Any CPU
		{9237CC75-D8F1-4696-AD2F-440962CF4AAD}.Ad-Hoc|ARM.Build.0 = Debug|Any CPU
		{9237CC75-D8F1-4696-AD2F-440962CF4AAD}.Ad-Hoc|ARM.Deploy.0 = Debug|Any CPU
		{9237CC75-D8F1-4696-AD2F-440962CF4AAD}.Ad-Hoc|iPhone.ActiveCfg = Debug|Any CPU
		{9237CC75-D8F1-4696-AD2F-440962CF4AAD}.Ad-Hoc|iPhone.Build.0 = Debug|Any CPU
		{9237CC75-D8F1-4696-AD2F-440962CF4AAD}.Ad-Hoc|iPhone.Deploy.0 = Debug|Any CPU
		{9237CC75-D8F1-4696-AD2F-440962CF4AAD}.Ad-Hoc|iPhoneSimulator.ActiveCfg = Debug|Any CPU
		{9237CC75-D8F1-4696-AD2F-440962CF4AAD}.Ad-Hoc|iPhoneSimulator.Build.0 = Debug|Any CPU
		{9237CC75-D8F1-4696-AD2F-440962CF4AAD}.Ad-Hoc|iPhoneSimulator.Deploy.0 = Debug|Any CPU
		{9237CC75-D8F1-4696-AD2F-440962CF4AAD}.Ad-Hoc|x64.ActiveCfg = Debug|Any CPU
		{9237CC75-D8F1-4696-AD2F-440962CF4AAD}.Ad-Hoc|x64.Build.0 = Debug|Any CPU
		{9237CC75-D8F1-4696-AD2F-440962CF4AAD}.Ad-Hoc|x64.Deploy.0 = Debug|Any CPU
		{9237CC75-D8F1-4696-AD2F-440962CF4AAD}.Ad-Hoc|x86.ActiveCfg = Debug|Any CPU
		{9237CC75-D8F1-4696-AD2F-440962CF4AAD}.Ad-Hoc|x86.Build.0 = Debug|Any CPU
		{9237CC75-D8F1-4696-AD2F-440962CF4AAD}.Ad-Hoc|x86.Deploy.0 = Debug|Any CPU
		{9237CC75-D8F1-4696-AD2F-440962CF4AAD}.AppStore|Any CPU.ActiveCfg = Debug|Any CPU
		{9237CC75-D8F1-4696-AD2F-440962CF4AAD}.AppStore|Any CPU.Build.0 = Debug|Any CPU
		{9237CC75-D8F1-4696-AD2F-440962CF4AAD}.AppStore|Any CPU.Deploy.0 = Debug|Any CPU
		{9237CC75-D8F1-4696-AD2F-440962CF4AAD}.AppStore|ARM.ActiveCfg = Debug|Any CPU
		{9237CC75-D8F1-4696-AD2F-440962CF4AAD}.AppStore|ARM.Build.0 = Debug|Any CPU
		{9237CC75-D8F1-4696-AD2F-440962CF4AAD}.AppStore|ARM.Deploy.0 = Debug|Any CPU
		{9237CC75-D8F1-4696-AD2F-440962CF4AAD}.AppStore|iPhone.ActiveCfg = Debug|Any CPU
		{9237CC75-D8F1-4696-AD2F-440962CF4AAD}.AppStore|iPhone.Build.0 = Debug|Any CPU
		{9237CC75-D8F1-4696-AD2F-440962CF4AAD}.AppStore|iPhone.Deploy.0 = Debug|Any CPU
		{9237CC75-D8F1-4696-AD2F-440962CF4AAD}.AppStore|iPhoneSimulator.ActiveCfg = Debug|Any CPU
		{9237CC75-D8F1-4696-AD2F-440962CF4AAD}.AppStore|iPhoneSimulator.Build.0 = Debug|Any CPU
		{9237CC75-D8F1-4696-AD2F-440962CF4AAD}.AppStore|iPhoneSimulator.Deploy.0 = Debug|Any CPU
		{9237CC75-D8F1-4696-AD2F-440962CF4AAD}.AppStore|x64.ActiveCfg = Debug|Any CPU
		{9237CC75-D8F1-4696-AD2F-440962CF4AAD}.AppStore|x64.Build.0 = Debug|Any CPU
		{9237CC75-D8F1-4696-AD2F-440962CF4AAD}.AppStore|x64.Deploy.0 = Debug|Any CPU
		{9237CC75-D8F1-4696-AD2F-440962CF4AAD}.AppStore|x86.ActiveCfg = Debug|Any CPU
		{9237CC75-D8F1-4696-AD2F-440962CF4AAD}.AppStore|x86.Build.0 = Debug|Any CPU
		{9237CC75-D8F1-4696-AD2F-440962CF4AAD}.AppStore|x86.Deploy.0 = Debug|Any CPU
		{9237CC75-D8F1-4696-AD2F-440962CF4AAD}.Debug|Any CPU.ActiveCfg = Debug|Any CPU
		{9237CC75-D8F1-4696-AD2F-440962CF4AAD}.Debug|Any CPU.Build.0 = Debug|Any CPU
		{9237CC75-D8F1-4696-AD2F-440962CF4AAD}.Debug|Any CPU.Deploy.0 = Debug|Any CPU
		{9237CC75-D8F1-4696-AD2F-440962CF4AAD}.Debug|ARM.ActiveCfg = Debug|Any CPU
		{9237CC75-D8F1-4696-AD2F-440962CF4AAD}.Debug|ARM.Build.0 = Debug|Any CPU
		{9237CC75-D8F1-4696-AD2F-440962CF4AAD}.Debug|ARM.Deploy.0 = Debug|Any CPU
		{9237CC75-D8F1-4696-AD2F-440962CF4AAD}.Debug|iPhone.ActiveCfg = Debug|Any CPU
		{9237CC75-D8F1-4696-AD2F-440962CF4AAD}.Debug|iPhone.Build.0 = Debug|Any CPU
		{9237CC75-D8F1-4696-AD2F-440962CF4AAD}.Debug|iPhone.Deploy.0 = Debug|Any CPU
		{9237CC75-D8F1-4696-AD2F-440962CF4AAD}.Debug|iPhoneSimulator.ActiveCfg = Debug|Any CPU
		{9237CC75-D8F1-4696-AD2F-440962CF4AAD}.Debug|iPhoneSimulator.Build.0 = Debug|Any CPU
		{9237CC75-D8F1-4696-AD2F-440962CF4AAD}.Debug|iPhoneSimulator.Deploy.0 = Debug|Any CPU
		{9237CC75-D8F1-4696-AD2F-440962CF4AAD}.Debug|x64.ActiveCfg = Debug|Any CPU
		{9237CC75-D8F1-4696-AD2F-440962CF4AAD}.Debug|x64.Build.0 = Debug|Any CPU
		{9237CC75-D8F1-4696-AD2F-440962CF4AAD}.Debug|x64.Deploy.0 = Debug|Any CPU
		{9237CC75-D8F1-4696-AD2F-440962CF4AAD}.Debug|x86.ActiveCfg = Debug|Any CPU
		{9237CC75-D8F1-4696-AD2F-440962CF4AAD}.Debug|x86.Build.0 = Debug|Any CPU
		{9237CC75-D8F1-4696-AD2F-440962CF4AAD}.Debug|x86.Deploy.0 = Debug|Any CPU
		{9237CC75-D8F1-4696-AD2F-440962CF4AAD}.Release|Any CPU.ActiveCfg = Release|Any CPU
		{9237CC75-D8F1-4696-AD2F-440962CF4AAD}.Release|Any CPU.Build.0 = Release|Any CPU
		{9237CC75-D8F1-4696-AD2F-440962CF4AAD}.Release|Any CPU.Deploy.0 = Release|Any CPU
		{9237CC75-D8F1-4696-AD2F-440962CF4AAD}.Release|ARM.ActiveCfg = Release|Any CPU
		{9237CC75-D8F1-4696-AD2F-440962CF4AAD}.Release|ARM.Build.0 = Release|Any CPU
		{9237CC75-D8F1-4696-AD2F-440962CF4AAD}.Release|ARM.Deploy.0 = Release|Any CPU
		{9237CC75-D8F1-4696-AD2F-440962CF4AAD}.Release|iPhone.ActiveCfg = Release|Any CPU
		{9237CC75-D8F1-4696-AD2F-440962CF4AAD}.Release|iPhone.Build.0 = Release|Any CPU
		{9237CC75-D8F1-4696-AD2F-440962CF4AAD}.Release|iPhone.Deploy.0 = Release|Any CPU
		{9237CC75-D8F1-4696-AD2F-440962CF4AAD}.Release|iPhoneSimulator.ActiveCfg = Release|Any CPU
		{9237CC75-D8F1-4696-AD2F-440962CF4AAD}.Release|iPhoneSimulator.Build.0 = Release|Any CPU
		{9237CC75-D8F1-4696-AD2F-440962CF4AAD}.Release|iPhoneSimulator.Deploy.0 = Release|Any CPU
		{9237CC75-D8F1-4696-AD2F-440962CF4AAD}.Release|x64.ActiveCfg = Release|Any CPU
		{9237CC75-D8F1-4696-AD2F-440962CF4AAD}.Release|x64.Build.0 = Release|Any CPU
		{9237CC75-D8F1-4696-AD2F-440962CF4AAD}.Release|x64.Deploy.0 = Release|Any CPU
		{9237CC75-D8F1-4696-AD2F-440962CF4AAD}.Release|x86.ActiveCfg = Release|Any CPU
		{9237CC75-D8F1-4696-AD2F-440962CF4AAD}.Release|x86.Build.0 = Release|Any CPU
		{9237CC75-D8F1-4696-AD2F-440962CF4AAD}.Release|x86.Deploy.0 = Release|Any CPU
	EndGlobalSection
	GlobalSection(SolutionProperties) = preSolution
		HideSolutionNode = FALSE
	EndGlobalSection
	GlobalSection(ExtensibilityGlobals) = postSolution
		SolutionGuid = {75EE8E41-3BF9-467D-95BB-CEEB7CF57FC2}
	EndGlobalSection
EndGlobal
